// !$*UTF8*$!
{
	archiveVersion = 1;
	classes = {
	};
	objectVersion = 51;
	objects = {

/* Begin PBXBuildFile section */
		4E005B0925720451000CEF55 /* GoogleService-Info.plist in Resources */ = {isa = PBXBuildFile; fileRef = 4E005B0825720451000CEF55 /* GoogleService-Info.plist */; };
		4E0526A123E9D8B0007D20E3 /* yogaCell.swift in Sources */ = {isa = PBXBuildFile; fileRef = 4E0526A023E9D8B0007D20E3 /* yogaCell.swift */; };
		4E07E9A823FDD0FB00D65CEC /* yogaImageHelper.swift in Sources */ = {isa = PBXBuildFile; fileRef = 4E07E9A723FDD0FB00D65CEC /* yogaImageHelper.swift */; };
		4E1EA56823E9D56A00780F86 /* NetworkManger.swift in Sources */ = {isa = PBXBuildFile; fileRef = 4E1EA56723E9D56A00780F86 /* NetworkManger.swift */; };
		4E29CB7123CE7358009BFEC4 /* AppDelegate.swift in Sources */ = {isa = PBXBuildFile; fileRef = 4E29CB7023CE7358009BFEC4 /* AppDelegate.swift */; };
		4E29CB7323CE7358009BFEC4 /* SceneDelegate.swift in Sources */ = {isa = PBXBuildFile; fileRef = 4E29CB7223CE7358009BFEC4 /* SceneDelegate.swift */; };
		4E29CB7A23CE735A009BFEC4 /* Assets.xcassets in Resources */ = {isa = PBXBuildFile; fileRef = 4E29CB7923CE735A009BFEC4 /* Assets.xcassets */; };
		4E29CB8823CE735B009BFEC4 /* seekingPeaceTests.swift in Sources */ = {isa = PBXBuildFile; fileRef = 4E29CB8723CE735B009BFEC4 /* seekingPeaceTests.swift */; };
		4E29CB9D23CE79A0009BFEC4 /* Yoga.json in Resources */ = {isa = PBXBuildFile; fileRef = 4E29CB9C23CE79A0009BFEC4 /* Yoga.json */; };
		4E29CB9F23CE7AB8009BFEC4 /* YogaController.swift in Sources */ = {isa = PBXBuildFile; fileRef = 4E29CB9E23CE7AB8009BFEC4 /* YogaController.swift */; };
		4E29CBA123CE7AD4009BFEC4 /* YogaFlowController.swift in Sources */ = {isa = PBXBuildFile; fileRef = 4E29CBA023CE7AD4009BFEC4 /* YogaFlowController.swift */; };
		4E29CBA323CE7AE6009BFEC4 /* PoseIndex.swift in Sources */ = {isa = PBXBuildFile; fileRef = 4E29CBA223CE7AE6009BFEC4 /* PoseIndex.swift */; };
		4E29CBA523CE7B61009BFEC4 /* yogaModel.swift in Sources */ = {isa = PBXBuildFile; fileRef = 4E29CBA423CE7B61009BFEC4 /* yogaModel.swift */; };
		4E388EF4254E0A9100C86653 /* FlowCVC.swift in Sources */ = {isa = PBXBuildFile; fileRef = 4E388EF3254E0A9100C86653 /* FlowCVC.swift */; };
		4E5402D42568AFAD0049A472 /* FirestoreService.swift in Sources */ = {isa = PBXBuildFile; fileRef = 4E5402D32568AFAD0049A472 /* FirestoreService.swift */; };
		4E5402D82568B0940049A472 /* UserModel.swift in Sources */ = {isa = PBXBuildFile; fileRef = 4E5402D72568B0940049A472 /* UserModel.swift */; };
		4E5402FB256967440049A472 /* LoginView.swift in Sources */ = {isa = PBXBuildFile; fileRef = 4E5402FA256967440049A472 /* LoginView.swift */; };
		4E540301256967580049A472 /* SignUpView.swift in Sources */ = {isa = PBXBuildFile; fileRef = 4E540300256967580049A472 /* SignUpView.swift */; };
		4E540305256969C10049A472 /* LoginVC.swift in Sources */ = {isa = PBXBuildFile; fileRef = 4E540304256969C10049A472 /* LoginVC.swift */; };
		4E54030925696A140049A472 /* SignUpVC.swift in Sources */ = {isa = PBXBuildFile; fileRef = 4E54030825696A140049A472 /* SignUpVC.swift */; };
		4E54032A2569ABC70049A472 /* StringsValidations.swift in Sources */ = {isa = PBXBuildFile; fileRef = 4E5403292569ABC70049A472 /* StringsValidations.swift */; };
		4E5676002568A1D700A4EE00 /* FirebaseAuthService.swift in Sources */ = {isa = PBXBuildFile; fileRef = 4E5675FF2568A1D700A4EE00 /* FirebaseAuthService.swift */; };
		4EC1CF66254CCE650011DA10 /* PoseIndexObjects.swift in Sources */ = {isa = PBXBuildFile; fileRef = 4EC1CF65254CCE650011DA10 /* PoseIndexObjects.swift */; };
		4EC1CF6A254D0B530011DA10 /* PoseIndexTVC.swift in Sources */ = {isa = PBXBuildFile; fileRef = 4EC1CF69254D0B530011DA10 /* PoseIndexTVC.swift */; };
		4EC65ED5254C87F4006B2C7A /* MainTabBarVC.swift in Sources */ = {isa = PBXBuildFile; fileRef = 4EC65ED4254C87F4006B2C7A /* MainTabBarVC.swift */; };
		4ED82BA5255456AB00E5C594 /* YogaView.swift in Sources */ = {isa = PBXBuildFile; fileRef = 4ED82BA4255456AB00E5C594 /* YogaView.swift */; };
		4EF257AD2554E6BD001A425F /* FlowView.swift in Sources */ = {isa = PBXBuildFile; fileRef = 4EF257AC2554E6BD001A425F /* FlowView.swift */; };
		B79B34A1DF4217554C19DF74 /* Pods_seekingPeace.framework in Frameworks */ = {isa = PBXBuildFile; fileRef = 7D82031FCA342A7A0FF55566 /* Pods_seekingPeace.framework */; };
		E6CF666C3F6CD8B573DFA7C8 /* Pods_seekingPeaceTests.framework in Frameworks */ = {isa = PBXBuildFile; fileRef = ABE6A79644C7B929E1F71D70 /* Pods_seekingPeaceTests.framework */; };
/* End PBXBuildFile section */

/* Begin PBXContainerItemProxy section */
		4E29CB8423CE735B009BFEC4 /* PBXContainerItemProxy */ = {
			isa = PBXContainerItemProxy;
			containerPortal = 4E29CB6523CE7358009BFEC4 /* Project object */;
			proxyType = 1;
			remoteGlobalIDString = 4E29CB6C23CE7358009BFEC4;
			remoteInfo = seekingPeace;
		};
/* End PBXContainerItemProxy section */

/* Begin PBXFileReference section */
		4E005B0825720451000CEF55 /* GoogleService-Info.plist */ = {isa = PBXFileReference; lastKnownFileType = text.plist; path = "GoogleService-Info.plist"; sourceTree = SOURCE_ROOT; };
		4E0526A023E9D8B0007D20E3 /* yogaCell.swift */ = {isa = PBXFileReference; lastKnownFileType = sourcecode.swift; path = yogaCell.swift; sourceTree = "<group>"; };
		4E07E9A723FDD0FB00D65CEC /* yogaImageHelper.swift */ = {isa = PBXFileReference; lastKnownFileType = sourcecode.swift; path = yogaImageHelper.swift; sourceTree = "<group>"; };
		4E1EA56723E9D56A00780F86 /* NetworkManger.swift */ = {isa = PBXFileReference; lastKnownFileType = sourcecode.swift; path = NetworkManger.swift; sourceTree = "<group>"; };
		4E29CB6D23CE7358009BFEC4 /* seekingPeace.app */ = {isa = PBXFileReference; explicitFileType = wrapper.application; includeInIndex = 0; path = seekingPeace.app; sourceTree = BUILT_PRODUCTS_DIR; };
		4E29CB7023CE7358009BFEC4 /* AppDelegate.swift */ = {isa = PBXFileReference; lastKnownFileType = sourcecode.swift; path = AppDelegate.swift; sourceTree = "<group>"; };
		4E29CB7223CE7358009BFEC4 /* SceneDelegate.swift */ = {isa = PBXFileReference; lastKnownFileType = sourcecode.swift; path = SceneDelegate.swift; sourceTree = "<group>"; };
		4E29CB7923CE735A009BFEC4 /* Assets.xcassets */ = {isa = PBXFileReference; lastKnownFileType = folder.assetcatalog; path = Assets.xcassets; sourceTree = "<group>"; };
		4E29CB7E23CE735A009BFEC4 /* Info.plist */ = {isa = PBXFileReference; lastKnownFileType = text.plist.xml; path = Info.plist; sourceTree = "<group>"; };
		4E29CB8323CE735B009BFEC4 /* seekingPeaceTests.xctest */ = {isa = PBXFileReference; explicitFileType = wrapper.cfbundle; includeInIndex = 0; path = seekingPeaceTests.xctest; sourceTree = BUILT_PRODUCTS_DIR; };
		4E29CB8723CE735B009BFEC4 /* seekingPeaceTests.swift */ = {isa = PBXFileReference; lastKnownFileType = sourcecode.swift; path = seekingPeaceTests.swift; sourceTree = "<group>"; };
		4E29CB8923CE735B009BFEC4 /* Info.plist */ = {isa = PBXFileReference; lastKnownFileType = text.plist.xml; path = Info.plist; sourceTree = "<group>"; };
		4E29CB9C23CE79A0009BFEC4 /* Yoga.json */ = {isa = PBXFileReference; lastKnownFileType = text.json; path = Yoga.json; sourceTree = "<group>"; };
		4E29CB9E23CE7AB8009BFEC4 /* YogaController.swift */ = {isa = PBXFileReference; lastKnownFileType = sourcecode.swift; path = YogaController.swift; sourceTree = "<group>"; };
		4E29CBA023CE7AD4009BFEC4 /* YogaFlowController.swift */ = {isa = PBXFileReference; lastKnownFileType = sourcecode.swift; path = YogaFlowController.swift; sourceTree = "<group>"; };
		4E29CBA223CE7AE6009BFEC4 /* PoseIndex.swift */ = {isa = PBXFileReference; lastKnownFileType = sourcecode.swift; path = PoseIndex.swift; sourceTree = "<group>"; };
		4E29CBA423CE7B61009BFEC4 /* yogaModel.swift */ = {isa = PBXFileReference; lastKnownFileType = sourcecode.swift; path = yogaModel.swift; sourceTree = "<group>"; };
		4E388EF3254E0A9100C86653 /* FlowCVC.swift */ = {isa = PBXFileReference; lastKnownFileType = sourcecode.swift; path = FlowCVC.swift; sourceTree = "<group>"; };
		4E5402D32568AFAD0049A472 /* FirestoreService.swift */ = {isa = PBXFileReference; lastKnownFileType = sourcecode.swift; path = FirestoreService.swift; sourceTree = "<group>"; };
		4E5402D72568B0940049A472 /* UserModel.swift */ = {isa = PBXFileReference; lastKnownFileType = sourcecode.swift; path = UserModel.swift; sourceTree = "<group>"; };
		4E5402FA256967440049A472 /* LoginView.swift */ = {isa = PBXFileReference; lastKnownFileType = sourcecode.swift; path = LoginView.swift; sourceTree = "<group>"; };
		4E540300256967580049A472 /* SignUpView.swift */ = {isa = PBXFileReference; lastKnownFileType = sourcecode.swift; path = SignUpView.swift; sourceTree = "<group>"; };
		4E540304256969C10049A472 /* LoginVC.swift */ = {isa = PBXFileReference; lastKnownFileType = sourcecode.swift; path = LoginVC.swift; sourceTree = "<group>"; };
		4E54030825696A140049A472 /* SignUpVC.swift */ = {isa = PBXFileReference; lastKnownFileType = sourcecode.swift; path = SignUpVC.swift; sourceTree = "<group>"; };
		4E5403292569ABC70049A472 /* StringsValidations.swift */ = {isa = PBXFileReference; lastKnownFileType = sourcecode.swift; path = StringsValidations.swift; sourceTree = "<group>"; };
		4E5675FF2568A1D700A4EE00 /* FirebaseAuthService.swift */ = {isa = PBXFileReference; lastKnownFileType = sourcecode.swift; path = FirebaseAuthService.swift; sourceTree = "<group>"; };
		4EC1CF65254CCE650011DA10 /* PoseIndexObjects.swift */ = {isa = PBXFileReference; lastKnownFileType = sourcecode.swift; path = PoseIndexObjects.swift; sourceTree = "<group>"; };
		4EC1CF69254D0B530011DA10 /* PoseIndexTVC.swift */ = {isa = PBXFileReference; lastKnownFileType = sourcecode.swift; path = PoseIndexTVC.swift; sourceTree = "<group>"; };
		4EC65ED4254C87F4006B2C7A /* MainTabBarVC.swift */ = {isa = PBXFileReference; lastKnownFileType = sourcecode.swift; path = MainTabBarVC.swift; sourceTree = "<group>"; };
		4ED82BA4255456AB00E5C594 /* YogaView.swift */ = {isa = PBXFileReference; lastKnownFileType = sourcecode.swift; path = YogaView.swift; sourceTree = "<group>"; };
		4EF257AC2554E6BD001A425F /* FlowView.swift */ = {isa = PBXFileReference; lastKnownFileType = sourcecode.swift; path = FlowView.swift; sourceTree = "<group>"; };
		7D82031FCA342A7A0FF55566 /* Pods_seekingPeace.framework */ = {isa = PBXFileReference; explicitFileType = wrapper.framework; includeInIndex = 0; path = Pods_seekingPeace.framework; sourceTree = BUILT_PRODUCTS_DIR; };
		ABE6A79644C7B929E1F71D70 /* Pods_seekingPeaceTests.framework */ = {isa = PBXFileReference; explicitFileType = wrapper.framework; includeInIndex = 0; path = Pods_seekingPeaceTests.framework; sourceTree = BUILT_PRODUCTS_DIR; };
		C0200D0D69222FDF55ABB802 /* Pods-seekingPeaceTests.debug.xcconfig */ = {isa = PBXFileReference; includeInIndex = 1; lastKnownFileType = text.xcconfig; name = "Pods-seekingPeaceTests.debug.xcconfig"; path = "Target Support Files/Pods-seekingPeaceTests/Pods-seekingPeaceTests.debug.xcconfig"; sourceTree = "<group>"; };
		DBCA3F91293DBB37BD9FB5F5 /* Pods-seekingPeaceTests.release.xcconfig */ = {isa = PBXFileReference; includeInIndex = 1; lastKnownFileType = text.xcconfig; name = "Pods-seekingPeaceTests.release.xcconfig"; path = "Target Support Files/Pods-seekingPeaceTests/Pods-seekingPeaceTests.release.xcconfig"; sourceTree = "<group>"; };
		ED1EECFE64B438C2A8B5B88B /* Pods-seekingPeace.debug.xcconfig */ = {isa = PBXFileReference; includeInIndex = 1; lastKnownFileType = text.xcconfig; name = "Pods-seekingPeace.debug.xcconfig"; path = "Target Support Files/Pods-seekingPeace/Pods-seekingPeace.debug.xcconfig"; sourceTree = "<group>"; };
		EFFCC59BDF07A715E5F03DCA /* Pods-seekingPeace.release.xcconfig */ = {isa = PBXFileReference; includeInIndex = 1; lastKnownFileType = text.xcconfig; name = "Pods-seekingPeace.release.xcconfig"; path = "Target Support Files/Pods-seekingPeace/Pods-seekingPeace.release.xcconfig"; sourceTree = "<group>"; };
/* End PBXFileReference section */

/* Begin PBXFrameworksBuildPhase section */
		4E29CB6A23CE7358009BFEC4 /* Frameworks */ = {
			isa = PBXFrameworksBuildPhase;
			buildActionMask = 2147483647;
			files = (
				B79B34A1DF4217554C19DF74 /* Pods_seekingPeace.framework in Frameworks */,
			);
			runOnlyForDeploymentPostprocessing = 0;
		};
		4E29CB8023CE735B009BFEC4 /* Frameworks */ = {
			isa = PBXFrameworksBuildPhase;
			buildActionMask = 2147483647;
			files = (
				E6CF666C3F6CD8B573DFA7C8 /* Pods_seekingPeaceTests.framework in Frameworks */,
			);
			runOnlyForDeploymentPostprocessing = 0;
		};
/* End PBXFrameworksBuildPhase section */

/* Begin PBXGroup section */
		25A9C33066CA9FDA74A0047F /* Frameworks */ = {
			isa = PBXGroup;
			children = (
				7D82031FCA342A7A0FF55566 /* Pods_seekingPeace.framework */,
				ABE6A79644C7B929E1F71D70 /* Pods_seekingPeaceTests.framework */,
			);
			name = Frameworks;
			sourceTree = "<group>";
		};
		4E1EA56923E9D6E000780F86 /* Study */ = {
			isa = PBXGroup;
			children = (
				4E29CB9E23CE7AB8009BFEC4 /* YogaController.swift */,
				4ED82BA4255456AB00E5C594 /* YogaView.swift */,
				4E0526A023E9D8B0007D20E3 /* yogaCell.swift */,
			);
			path = Study;
			sourceTree = "<group>";
		};
		4E1EA56A23E9D70700780F86 /* Flow */ = {
			isa = PBXGroup;
			children = (
				4E29CBA023CE7AD4009BFEC4 /* YogaFlowController.swift */,
				4EF257AC2554E6BD001A425F /* FlowView.swift */,
				4E388EF3254E0A9100C86653 /* FlowCVC.swift */,
			);
			path = Flow;
			sourceTree = "<group>";
		};
		4E1EA56B23E9D71000780F86 /* PoseIndex */ = {
			isa = PBXGroup;
			children = (
				4E29CBA223CE7AE6009BFEC4 /* PoseIndex.swift */,
				4EC1CF65254CCE650011DA10 /* PoseIndexObjects.swift */,
				4EC1CF69254D0B530011DA10 /* PoseIndexTVC.swift */,
			);
			path = PoseIndex;
			sourceTree = "<group>";
		};
		4E29CB6423CE7358009BFEC4 = {
			isa = PBXGroup;
			children = (
				4E29CB6F23CE7358009BFEC4 /* seekingPeace */,
				4E29CB8623CE735B009BFEC4 /* seekingPeaceTests */,
				4E29CB6E23CE7358009BFEC4 /* Products */,
				D8DCD4BE043CA333C0CF6EC0 /* Pods */,
				25A9C33066CA9FDA74A0047F /* Frameworks */,
			);
			sourceTree = "<group>";
		};
		4E29CB6E23CE7358009BFEC4 /* Products */ = {
			isa = PBXGroup;
			children = (
				4E29CB6D23CE7358009BFEC4 /* seekingPeace.app */,
				4E29CB8323CE735B009BFEC4 /* seekingPeaceTests.xctest */,
			);
			name = Products;
			sourceTree = "<group>";
		};
		4E29CB6F23CE7358009BFEC4 /* seekingPeace */ = {
			isa = PBXGroup;
			children = (
				4E29CB9323CE780A009BFEC4 /* Controllers */,
				4E5403282569AB920049A472 /* Extensions */,
				4E5675FE2568A16400A4EE00 /* Firebase */,
				4E29CB9623CE7842009BFEC4 /* JSON */,
				4E29CB9523CE7821009BFEC4 /* Models */,
				4E29CB9823CE7929009BFEC4 /* Network Helpers */,
				4E29CB9923CE7933009BFEC4 /* Persistences */,
				4E29CB9223CE74AB009BFEC4 /* Supporting Files */,
				4E29CB7E23CE735A009BFEC4 /* Info.plist */,
				4E005B0825720451000CEF55 /* GoogleService-Info.plist */,
			);
			path = seekingPeace;
			sourceTree = "<group>";
		};
		4E29CB8623CE735B009BFEC4 /* seekingPeaceTests */ = {
			isa = PBXGroup;
			children = (
				4E29CB8723CE735B009BFEC4 /* seekingPeaceTests.swift */,
				4E29CB8923CE735B009BFEC4 /* Info.plist */,
			);
			path = seekingPeaceTests;
			sourceTree = "<group>";
		};
		4E29CB9223CE74AB009BFEC4 /* Supporting Files */ = {
			isa = PBXGroup;
			children = (
				4E29CB7023CE7358009BFEC4 /* AppDelegate.swift */,
				4E29CB7223CE7358009BFEC4 /* SceneDelegate.swift */,
				4E29CB7923CE735A009BFEC4 /* Assets.xcassets */,
			);
			name = "Supporting Files";
			sourceTree = "<group>";
		};
		4E29CB9323CE780A009BFEC4 /* Controllers */ = {
			isa = PBXGroup;
			children = (
				4E5402F7256967060049A472 /* Authentication */,
				4E1EA56923E9D6E000780F86 /* Study */,
				4E1EA56A23E9D70700780F86 /* Flow */,
				4E1EA56B23E9D71000780F86 /* PoseIndex */,
				4EC65ED4254C87F4006B2C7A /* MainTabBarVC.swift */,
			);
			path = Controllers;
			sourceTree = "<group>";
		};
		4E29CB9523CE7821009BFEC4 /* Models */ = {
			isa = PBXGroup;
			children = (
				4E29CBA423CE7B61009BFEC4 /* yogaModel.swift */,
				4E5402D72568B0940049A472 /* UserModel.swift */,
			);
			path = Models;
			sourceTree = "<group>";
		};
		4E29CB9623CE7842009BFEC4 /* JSON */ = {
			isa = PBXGroup;
			children = (
				4E29CB9C23CE79A0009BFEC4 /* Yoga.json */,
			);
			path = JSON;
			sourceTree = "<group>";
		};
		4E29CB9823CE7929009BFEC4 /* Network Helpers */ = {
			isa = PBXGroup;
			children = (
				4E1EA56723E9D56A00780F86 /* NetworkManger.swift */,
				4E07E9A723FDD0FB00D65CEC /* yogaImageHelper.swift */,
			);
			path = "Network Helpers";
			sourceTree = "<group>";
		};
		4E29CB9923CE7933009BFEC4 /* Persistences */ = {
			isa = PBXGroup;
			children = (
			);
			path = Persistences;
			sourceTree = "<group>";
		};
		4E5402F7256967060049A472 /* Authentication */ = {
			isa = PBXGroup;
			children = (
				4E5402FA256967440049A472 /* LoginView.swift */,
				4E540304256969C10049A472 /* LoginVC.swift */,
				4E540300256967580049A472 /* SignUpView.swift */,
				4E54030825696A140049A472 /* SignUpVC.swift */,
			);
			path = Authentication;
			sourceTree = "<group>";
		};
		4E5403282569AB920049A472 /* Extensions */ = {
			isa = PBXGroup;
			children = (
				4E5403292569ABC70049A472 /* StringsValidations.swift */,
			);
			path = Extensions;
			sourceTree = "<group>";
		};
		4E5675FE2568A16400A4EE00 /* Firebase */ = {
			isa = PBXGroup;
			children = (
				4E5675FF2568A1D700A4EE00 /* FirebaseAuthService.swift */,
				4E5402D32568AFAD0049A472 /* FirestoreService.swift */,
			);
			path = Firebase;
			sourceTree = "<group>";
		};
		D8DCD4BE043CA333C0CF6EC0 /* Pods */ = {
			isa = PBXGroup;
			children = (
				ED1EECFE64B438C2A8B5B88B /* Pods-seekingPeace.debug.xcconfig */,
				EFFCC59BDF07A715E5F03DCA /* Pods-seekingPeace.release.xcconfig */,
				C0200D0D69222FDF55ABB802 /* Pods-seekingPeaceTests.debug.xcconfig */,
				DBCA3F91293DBB37BD9FB5F5 /* Pods-seekingPeaceTests.release.xcconfig */,
			);
			path = Pods;
			sourceTree = "<group>";
		};
/* End PBXGroup section */

/* Begin PBXNativeTarget section */
		4E29CB6C23CE7358009BFEC4 /* seekingPeace */ = {
			isa = PBXNativeTarget;
			buildConfigurationList = 4E29CB8C23CE735B009BFEC4 /* Build configuration list for PBXNativeTarget "seekingPeace" */;
			buildPhases = (
				6A3F4D848332E4ABAC54D37B /* [CP] Check Pods Manifest.lock */,
				4E29CB6923CE7358009BFEC4 /* Sources */,
				4E29CB6A23CE7358009BFEC4 /* Frameworks */,
				4E29CB6B23CE7358009BFEC4 /* Resources */,
				A31A30EC1AF6DA00B27C3C53 /* [CP] Embed Pods Frameworks */,
			);
			buildRules = (
			);
			dependencies = (
			);
			name = seekingPeace;
			productName = seekingPeace;
			productReference = 4E29CB6D23CE7358009BFEC4 /* seekingPeace.app */;
			productType = "com.apple.product-type.application";
		};
		4E29CB8223CE735B009BFEC4 /* seekingPeaceTests */ = {
			isa = PBXNativeTarget;
			buildConfigurationList = 4E29CB8F23CE735B009BFEC4 /* Build configuration list for PBXNativeTarget "seekingPeaceTests" */;
			buildPhases = (
				E86B7041B492249A6AC9546F /* [CP] Check Pods Manifest.lock */,
				4E29CB7F23CE735B009BFEC4 /* Sources */,
				4E29CB8023CE735B009BFEC4 /* Frameworks */,
				4E29CB8123CE735B009BFEC4 /* Resources */,
			);
			buildRules = (
			);
			dependencies = (
				4E29CB8523CE735B009BFEC4 /* PBXTargetDependency */,
			);
			name = seekingPeaceTests;
			productName = seekingPeaceTests;
			productReference = 4E29CB8323CE735B009BFEC4 /* seekingPeaceTests.xctest */;
			productType = "com.apple.product-type.bundle.unit-test";
		};
/* End PBXNativeTarget section */

/* Begin PBXProject section */
		4E29CB6523CE7358009BFEC4 /* Project object */ = {
			isa = PBXProject;
			attributes = {
				LastSwiftUpdateCheck = 1110;
				LastUpgradeCheck = 1110;
				ORGANIZATIONNAME = "Tia Lendor";
				TargetAttributes = {
					4E29CB6C23CE7358009BFEC4 = {
						CreatedOnToolsVersion = 11.1;
					};
					4E29CB8223CE735B009BFEC4 = {
						CreatedOnToolsVersion = 11.1;
						TestTargetID = 4E29CB6C23CE7358009BFEC4;
					};
				};
			};
			buildConfigurationList = 4E29CB6823CE7358009BFEC4 /* Build configuration list for PBXProject "seekingPeace" */;
			compatibilityVersion = "Xcode 9.3";
			developmentRegion = en;
			hasScannedForEncodings = 0;
			knownRegions = (
				en,
				Base,
			);
			mainGroup = 4E29CB6423CE7358009BFEC4;
			productRefGroup = 4E29CB6E23CE7358009BFEC4 /* Products */;
			projectDirPath = "";
			projectRoot = "";
			targets = (
				4E29CB6C23CE7358009BFEC4 /* seekingPeace */,
				4E29CB8223CE735B009BFEC4 /* seekingPeaceTests */,
			);
		};
/* End PBXProject section */

/* Begin PBXResourcesBuildPhase section */
		4E29CB6B23CE7358009BFEC4 /* Resources */ = {
			isa = PBXResourcesBuildPhase;
			buildActionMask = 2147483647;
			files = (
				4E29CB7A23CE735A009BFEC4 /* Assets.xcassets in Resources */,
				4E29CB9D23CE79A0009BFEC4 /* Yoga.json in Resources */,
				4E005B0925720451000CEF55 /* GoogleService-Info.plist in Resources */,
			);
			runOnlyForDeploymentPostprocessing = 0;
		};
		4E29CB8123CE735B009BFEC4 /* Resources */ = {
			isa = PBXResourcesBuildPhase;
			buildActionMask = 2147483647;
			files = (
			);
			runOnlyForDeploymentPostprocessing = 0;
		};
/* End PBXResourcesBuildPhase section */

/* Begin PBXShellScriptBuildPhase section */
		6A3F4D848332E4ABAC54D37B /* [CP] Check Pods Manifest.lock */ = {
			isa = PBXShellScriptBuildPhase;
			buildActionMask = 2147483647;
			files = (
			);
			inputFileListPaths = (
			);
			inputPaths = (
				"${PODS_PODFILE_DIR_PATH}/Podfile.lock",
				"${PODS_ROOT}/Manifest.lock",
			);
			name = "[CP] Check Pods Manifest.lock";
			outputFileListPaths = (
			);
			outputPaths = (
				"$(DERIVED_FILE_DIR)/Pods-seekingPeace-checkManifestLockResult.txt",
			);
			runOnlyForDeploymentPostprocessing = 0;
			shellPath = /bin/sh;
			shellScript = "diff \"${PODS_PODFILE_DIR_PATH}/Podfile.lock\" \"${PODS_ROOT}/Manifest.lock\" > /dev/null\nif [ $? != 0 ] ; then\n    # print error to STDERR\n    echo \"error: The sandbox is not in sync with the Podfile.lock. Run 'pod install' or update your CocoaPods installation.\" >&2\n    exit 1\nfi\n# This output is used by Xcode 'outputs' to avoid re-running this script phase.\necho \"SUCCESS\" > \"${SCRIPT_OUTPUT_FILE_0}\"\n";
			showEnvVarsInLog = 0;
		};
		A31A30EC1AF6DA00B27C3C53 /* [CP] Embed Pods Frameworks */ = {
			isa = PBXShellScriptBuildPhase;
			buildActionMask = 2147483647;
			files = (
			);
			inputFileListPaths = (
				"${PODS_ROOT}/Target Support Files/Pods-seekingPeace/Pods-seekingPeace-frameworks-${CONFIGURATION}-input-files.xcfilelist",
			);
			name = "[CP] Embed Pods Frameworks";
			outputFileListPaths = (
				"${PODS_ROOT}/Target Support Files/Pods-seekingPeace/Pods-seekingPeace-frameworks-${CONFIGURATION}-output-files.xcfilelist",
			);
			runOnlyForDeploymentPostprocessing = 0;
			shellPath = /bin/sh;
			shellScript = "\"${PODS_ROOT}/Target Support Files/Pods-seekingPeace/Pods-seekingPeace-frameworks.sh\"\n";
			showEnvVarsInLog = 0;
		};
		E86B7041B492249A6AC9546F /* [CP] Check Pods Manifest.lock */ = {
			isa = PBXShellScriptBuildPhase;
			buildActionMask = 2147483647;
			files = (
			);
			inputFileListPaths = (
			);
			inputPaths = (
				"${PODS_PODFILE_DIR_PATH}/Podfile.lock",
				"${PODS_ROOT}/Manifest.lock",
			);
			name = "[CP] Check Pods Manifest.lock";
			outputFileListPaths = (
			);
			outputPaths = (
				"$(DERIVED_FILE_DIR)/Pods-seekingPeaceTests-checkManifestLockResult.txt",
			);
			runOnlyForDeploymentPostprocessing = 0;
			shellPath = /bin/sh;
			shellScript = "diff \"${PODS_PODFILE_DIR_PATH}/Podfile.lock\" \"${PODS_ROOT}/Manifest.lock\" > /dev/null\nif [ $? != 0 ] ; then\n    # print error to STDERR\n    echo \"error: The sandbox is not in sync with the Podfile.lock. Run 'pod install' or update your CocoaPods installation.\" >&2\n    exit 1\nfi\n# This output is used by Xcode 'outputs' to avoid re-running this script phase.\necho \"SUCCESS\" > \"${SCRIPT_OUTPUT_FILE_0}\"\n";
			showEnvVarsInLog = 0;
		};
/* End PBXShellScriptBuildPhase section */

/* Begin PBXSourcesBuildPhase section */
		4E29CB6923CE7358009BFEC4 /* Sources */ = {
			isa = PBXSourcesBuildPhase;
			buildActionMask = 2147483647;
			files = (
				4E5676002568A1D700A4EE00 /* FirebaseAuthService.swift in Sources */,
				4E29CB9F23CE7AB8009BFEC4 /* YogaController.swift in Sources */,
				4E540305256969C10049A472 /* LoginVC.swift in Sources */,
				4EC65ED5254C87F4006B2C7A /* MainTabBarVC.swift in Sources */,
				4EF257AD2554E6BD001A425F /* FlowView.swift in Sources */,
				4E0526A123E9D8B0007D20E3 /* yogaCell.swift in Sources */,
				4E29CBA123CE7AD4009BFEC4 /* YogaFlowController.swift in Sources */,
				4E1EA56823E9D56A00780F86 /* NetworkManger.swift in Sources */,
				4E07E9A823FDD0FB00D65CEC /* yogaImageHelper.swift in Sources */,
				4E29CB7123CE7358009BFEC4 /* AppDelegate.swift in Sources */,
				4E29CB7323CE7358009BFEC4 /* SceneDelegate.swift in Sources */,
				4E29CBA323CE7AE6009BFEC4 /* PoseIndex.swift in Sources */,
				4EC1CF6A254D0B530011DA10 /* PoseIndexTVC.swift in Sources */,
				4E54032A2569ABC70049A472 /* StringsValidations.swift in Sources */,
				4E388EF4254E0A9100C86653 /* FlowCVC.swift in Sources */,
				4E54030925696A140049A472 /* SignUpVC.swift in Sources */,
				4EC1CF66254CCE650011DA10 /* PoseIndexObjects.swift in Sources */,
				4E5402D42568AFAD0049A472 /* FirestoreService.swift in Sources */,
				4ED82BA5255456AB00E5C594 /* YogaView.swift in Sources */,
				4E540301256967580049A472 /* SignUpView.swift in Sources */,
				4E5402FB256967440049A472 /* LoginView.swift in Sources */,
				4E5402D82568B0940049A472 /* UserModel.swift in Sources */,
				4E29CBA523CE7B61009BFEC4 /* yogaModel.swift in Sources */,
			);
			runOnlyForDeploymentPostprocessing = 0;
		};
		4E29CB7F23CE735B009BFEC4 /* Sources */ = {
			isa = PBXSourcesBuildPhase;
			buildActionMask = 2147483647;
			files = (
				4E29CB8823CE735B009BFEC4 /* seekingPeaceTests.swift in Sources */,
			);
			runOnlyForDeploymentPostprocessing = 0;
		};
/* End PBXSourcesBuildPhase section */

/* Begin PBXTargetDependency section */
		4E29CB8523CE735B009BFEC4 /* PBXTargetDependency */ = {
			isa = PBXTargetDependency;
			target = 4E29CB6C23CE7358009BFEC4 /* seekingPeace */;
			targetProxy = 4E29CB8423CE735B009BFEC4 /* PBXContainerItemProxy */;
		};
/* End PBXTargetDependency section */

/* Begin XCBuildConfiguration section */
		4E29CB8A23CE735B009BFEC4 /* Debug */ = {
			isa = XCBuildConfiguration;
			buildSettings = {
				ALWAYS_SEARCH_USER_PATHS = NO;
				CLANG_ANALYZER_NONNULL = YES;
				CLANG_ANALYZER_NUMBER_OBJECT_CONVERSION = YES_AGGRESSIVE;
				CLANG_CXX_LANGUAGE_STANDARD = "gnu++14";
				CLANG_CXX_LIBRARY = "libc++";
				CLANG_ENABLE_MODULES = YES;
				CLANG_ENABLE_OBJC_ARC = YES;
				CLANG_ENABLE_OBJC_WEAK = YES;
				CLANG_WARN_BLOCK_CAPTURE_AUTORELEASING = YES;
				CLANG_WARN_BOOL_CONVERSION = YES;
				CLANG_WARN_COMMA = YES;
				CLANG_WARN_CONSTANT_CONVERSION = YES;
				CLANG_WARN_DEPRECATED_OBJC_IMPLEMENTATIONS = YES;
				CLANG_WARN_DIRECT_OBJC_ISA_USAGE = YES_ERROR;
				CLANG_WARN_DOCUMENTATION_COMMENTS = YES;
				CLANG_WARN_EMPTY_BODY = YES;
				CLANG_WARN_ENUM_CONVERSION = YES;
				CLANG_WARN_INFINITE_RECURSION = YES;
				CLANG_WARN_INT_CONVERSION = YES;
				CLANG_WARN_NON_LITERAL_NULL_CONVERSION = YES;
				CLANG_WARN_OBJC_IMPLICIT_RETAIN_SELF = YES;
				CLANG_WARN_OBJC_LITERAL_CONVERSION = YES;
				CLANG_WARN_OBJC_ROOT_CLASS = YES_ERROR;
				CLANG_WARN_RANGE_LOOP_ANALYSIS = YES;
				CLANG_WARN_STRICT_PROTOTYPES = YES;
				CLANG_WARN_SUSPICIOUS_MOVE = YES;
				CLANG_WARN_UNGUARDED_AVAILABILITY = YES_AGGRESSIVE;
				CLANG_WARN_UNREACHABLE_CODE = YES;
				CLANG_WARN__DUPLICATE_METHOD_MATCH = YES;
				COPY_PHASE_STRIP = NO;
				DEBUG_INFORMATION_FORMAT = dwarf;
				ENABLE_STRICT_OBJC_MSGSEND = YES;
				ENABLE_TESTABILITY = YES;
				GCC_C_LANGUAGE_STANDARD = gnu11;
				GCC_DYNAMIC_NO_PIC = NO;
				GCC_NO_COMMON_BLOCKS = YES;
				GCC_OPTIMIZATION_LEVEL = 0;
				GCC_PREPROCESSOR_DEFINITIONS = (
					"DEBUG=1",
					"$(inherited)",
				);
				GCC_WARN_64_TO_32_BIT_CONVERSION = YES;
				GCC_WARN_ABOUT_RETURN_TYPE = YES_ERROR;
				GCC_WARN_UNDECLARED_SELECTOR = YES;
				GCC_WARN_UNINITIALIZED_AUTOS = YES_AGGRESSIVE;
				GCC_WARN_UNUSED_FUNCTION = YES;
				GCC_WARN_UNUSED_VARIABLE = YES;
				IPHONEOS_DEPLOYMENT_TARGET = 13.1;
				MTL_ENABLE_DEBUG_INFO = INCLUDE_SOURCE;
				MTL_FAST_MATH = YES;
				ONLY_ACTIVE_ARCH = YES;
				SDKROOT = iphoneos;
				SWIFT_ACTIVE_COMPILATION_CONDITIONS = DEBUG;
				SWIFT_OPTIMIZATION_LEVEL = "-Onone";
			};
			name = Debug;
		};
		4E29CB8B23CE735B009BFEC4 /* Release */ = {
			isa = XCBuildConfiguration;
			buildSettings = {
				ALWAYS_SEARCH_USER_PATHS = NO;
				CLANG_ANALYZER_NONNULL = YES;
				CLANG_ANALYZER_NUMBER_OBJECT_CONVERSION = YES_AGGRESSIVE;
				CLANG_CXX_LANGUAGE_STANDARD = "gnu++14";
				CLANG_CXX_LIBRARY = "libc++";
				CLANG_ENABLE_MODULES = YES;
				CLANG_ENABLE_OBJC_ARC = YES;
				CLANG_ENABLE_OBJC_WEAK = YES;
				CLANG_WARN_BLOCK_CAPTURE_AUTORELEASING = YES;
				CLANG_WARN_BOOL_CONVERSION = YES;
				CLANG_WARN_COMMA = YES;
				CLANG_WARN_CONSTANT_CONVERSION = YES;
				CLANG_WARN_DEPRECATED_OBJC_IMPLEMENTATIONS = YES;
				CLANG_WARN_DIRECT_OBJC_ISA_USAGE = YES_ERROR;
				CLANG_WARN_DOCUMENTATION_COMMENTS = YES;
				CLANG_WARN_EMPTY_BODY = YES;
				CLANG_WARN_ENUM_CONVERSION = YES;
				CLANG_WARN_INFINITE_RECURSION = YES;
				CLANG_WARN_INT_CONVERSION = YES;
				CLANG_WARN_NON_LITERAL_NULL_CONVERSION = YES;
				CLANG_WARN_OBJC_IMPLICIT_RETAIN_SELF = YES;
				CLANG_WARN_OBJC_LITERAL_CONVERSION = YES;
				CLANG_WARN_OBJC_ROOT_CLASS = YES_ERROR;
				CLANG_WARN_RANGE_LOOP_ANALYSIS = YES;
				CLANG_WARN_STRICT_PROTOTYPES = YES;
				CLANG_WARN_SUSPICIOUS_MOVE = YES;
				CLANG_WARN_UNGUARDED_AVAILABILITY = YES_AGGRESSIVE;
				CLANG_WARN_UNREACHABLE_CODE = YES;
				CLANG_WARN__DUPLICATE_METHOD_MATCH = YES;
				COPY_PHASE_STRIP = NO;
				DEBUG_INFORMATION_FORMAT = "dwarf-with-dsym";
				ENABLE_NS_ASSERTIONS = NO;
				ENABLE_STRICT_OBJC_MSGSEND = YES;
				GCC_C_LANGUAGE_STANDARD = gnu11;
				GCC_NO_COMMON_BLOCKS = YES;
				GCC_WARN_64_TO_32_BIT_CONVERSION = YES;
				GCC_WARN_ABOUT_RETURN_TYPE = YES_ERROR;
				GCC_WARN_UNDECLARED_SELECTOR = YES;
				GCC_WARN_UNINITIALIZED_AUTOS = YES_AGGRESSIVE;
				GCC_WARN_UNUSED_FUNCTION = YES;
				GCC_WARN_UNUSED_VARIABLE = YES;
				IPHONEOS_DEPLOYMENT_TARGET = 13.1;
				MTL_ENABLE_DEBUG_INFO = NO;
				MTL_FAST_MATH = YES;
				SDKROOT = iphoneos;
				SWIFT_COMPILATION_MODE = wholemodule;
				SWIFT_OPTIMIZATION_LEVEL = "-O";
				VALIDATE_PRODUCT = YES;
			};
			name = Release;
		};
		4E29CB8D23CE735B009BFEC4 /* Debug */ = {
			isa = XCBuildConfiguration;
			baseConfigurationReference = ED1EECFE64B438C2A8B5B88B /* Pods-seekingPeace.debug.xcconfig */;
			buildSettings = {
				ASSETCATALOG_COMPILER_APPICON_NAME = AppIcon;
				CODE_SIGN_STYLE = Automatic;
				INFOPLIST_FILE = seekingPeace/Info.plist;
				LD_RUNPATH_SEARCH_PATHS = (
					"$(inherited)",
					"@executable_path/Frameworks",
				);
				PRODUCT_BUNDLE_IDENTIFIER = tikiproductions.seekingPeace;
				PRODUCT_NAME = "$(TARGET_NAME)";
				SWIFT_VERSION = 5.0;
				TARGETED_DEVICE_FAMILY = "1,2";
			};
			name = Debug;
		};
		4E29CB8E23CE735B009BFEC4 /* Release */ = {
			isa = XCBuildConfiguration;
			baseConfigurationReference = EFFCC59BDF07A715E5F03DCA /* Pods-seekingPeace.release.xcconfig */;
			buildSettings = {
				ASSETCATALOG_COMPILER_APPICON_NAME = AppIcon;
				CODE_SIGN_STYLE = Automatic;
				INFOPLIST_FILE = seekingPeace/Info.plist;
				LD_RUNPATH_SEARCH_PATHS = (
					"$(inherited)",
					"@executable_path/Frameworks",
				);
				PRODUCT_BUNDLE_IDENTIFIER = tikiproductions.seekingPeace;
				PRODUCT_NAME = "$(TARGET_NAME)";
				SWIFT_VERSION = 5.0;
				TARGETED_DEVICE_FAMILY = "1,2";
			};
			name = Release;
		};
		4E29CB9023CE735B009BFEC4 /* Debug */ = {
			isa = XCBuildConfiguration;
			baseConfigurationReference = C0200D0D69222FDF55ABB802 /* Pods-seekingPeaceTests.debug.xcconfig */;
			buildSettings = {
				ALWAYS_EMBED_SWIFT_STANDARD_LIBRARIES = YES;
				BUNDLE_LOADER = "$(TEST_HOST)";
				CODE_SIGN_STYLE = Automatic;
				INFOPLIST_FILE = seekingPeaceTests/Info.plist;
				IPHONEOS_DEPLOYMENT_TARGET = 13.1;
				LD_RUNPATH_SEARCH_PATHS = (
					"$(inherited)",
					"@executable_path/Frameworks",
					"@loader_path/Frameworks",
				);
				PRODUCT_BUNDLE_IDENTIFIER = tikiproductions.seekingPeaceTests;
				PRODUCT_NAME = "$(TARGET_NAME)";
				SWIFT_VERSION = 5.0;
				TARGETED_DEVICE_FAMILY = "1,2";
				TEST_HOST = "$(BUILT_PRODUCTS_DIR)/seekingPeace.app/seekingPeace";
			};
			name = Debug;
		};
		4E29CB9123CE735B009BFEC4 /* Release */ = {
			isa = XCBuildConfiguration;
			baseConfigurationReference = DBCA3F91293DBB37BD9FB5F5 /* Pods-seekingPeaceTests.release.xcconfig */;
			buildSettings = {
				ALWAYS_EMBED_SWIFT_STANDARD_LIBRARIES = YES;
				BUNDLE_LOADER = "$(TEST_HOST)";
				CODE_SIGN_STYLE = Automatic;
				INFOPLIST_FILE = seekingPeaceTests/Info.plist;
				IPHONEOS_DEPLOYMENT_TARGET = 13.1;
				LD_RUNPATH_SEARCH_PATHS = (
					"$(inherited)",
					"@executable_path/Frameworks",
					"@loader_path/Frameworks",
				);
				PRODUCT_BUNDLE_IDENTIFIER = tikiproductions.seekingPeaceTests;
				PRODUCT_NAME = "$(TARGET_NAME)";
				SWIFT_VERSION = 5.0;
				TARGETED_DEVICE_FAMILY = "1,2";
				TEST_HOST = "$(BUILT_PRODUCTS_DIR)/seekingPeace.app/seekingPeace";
			};
			name = Release;
		};
/* End XCBuildConfiguration section */

/* Begin XCConfigurationList section */
		4E29CB6823CE7358009BFEC4 /* Build configuration list for PBXProject "seekingPeace" */ = {
			isa = XCConfigurationList;
			buildConfigurations = (
				4E29CB8A23CE735B009BFEC4 /* Debug */,
				4E29CB8B23CE735B009BFEC4 /* Release */,
			);
			defaultConfigurationIsVisible = 0;
			defaultConfigurationName = Release;
		};
		4E29CB8C23CE735B009BFEC4 /* Build configuration list for PBXNativeTarget "seekingPeace" */ = {
			isa = XCConfigurationList;
			buildConfigurations = (
				4E29CB8D23CE735B009BFEC4 /* Debug */,
				4E29CB8E23CE735B009BFEC4 /* Release */,
			);
			defaultConfigurationIsVisible = 0;
			defaultConfigurationName = Release;
		};
		4E29CB8F23CE735B009BFEC4 /* Build configuration list for PBXNativeTarget "seekingPeaceTests" */ = {
			isa = XCConfigurationList;
			buildConfigurations = (
				4E29CB9023CE735B009BFEC4 /* Debug */,
				4E29CB9123CE735B009BFEC4 /* Release */,
			);
			defaultConfigurationIsVisible = 0;
			defaultConfigurationName = Release;
		};
/* End XCConfigurationList section */
	};
	rootObject = 4E29CB6523CE7358009BFEC4 /* Project object */;
}
