// !$*UTF8*$!
{
	archiveVersion = 1;
	classes = {
	};
	objectVersion = 51;
	objects = {

/* Begin PBXBuildFile section */
		4E002C8D257F38020046639C /* PoseSettingsView.swift in Sources */ = {isa = PBXBuildFile; fileRef = 4E002C8C257F38020046639C /* PoseSettingsView.swift */; };
		4E002C91257F38980046639C /* PoseSettingsVC.swift in Sources */ = {isa = PBXBuildFile; fileRef = 4E002C90257F38980046639C /* PoseSettingsVC.swift */; };
		4E002C952581731A0046639C /* PersistenceHelper.swift in Sources */ = {isa = PBXBuildFile; fileRef = 4E002C942581731A0046639C /* PersistenceHelper.swift */; };
		4E005B0D2572151C000CEF55 /* Notes.swift in Sources */ = {isa = PBXBuildFile; fileRef = 4E005B0C2572151C000CEF55 /* Notes.swift */; };
		4E005B112572E801000CEF55 /* CrayonBox.swift in Sources */ = {isa = PBXBuildFile; fileRef = 4E005B102572E801000CEF55 /* CrayonBox.swift */; };
		4E07E9A823FDD0FB00D65CEC /* yogaImageHelper.swift in Sources */ = {isa = PBXBuildFile; fileRef = 4E07E9A723FDD0FB00D65CEC /* yogaImageHelper.swift */; };
		4E1EA56823E9D56A00780F86 /* NetworkManger.swift in Sources */ = {isa = PBXBuildFile; fileRef = 4E1EA56723E9D56A00780F86 /* NetworkManger.swift */; };
		4E2611F3259462E2004D32BD /* NoSequencesView.swift in Sources */ = {isa = PBXBuildFile; fileRef = 4E2611F2259462E2004D32BD /* NoSequencesView.swift */; };
		4E2611F7259BB74D004D32BD /* PhotoCredits.swift in Sources */ = {isa = PBXBuildFile; fileRef = 4E2611F6259BB74D004D32BD /* PhotoCredits.swift */; };
		4E29CB7123CE7358009BFEC4 /* AppDelegate.swift in Sources */ = {isa = PBXBuildFile; fileRef = 4E29CB7023CE7358009BFEC4 /* AppDelegate.swift */; };
		4E29CB7323CE7358009BFEC4 /* SceneDelegate.swift in Sources */ = {isa = PBXBuildFile; fileRef = 4E29CB7223CE7358009BFEC4 /* SceneDelegate.swift */; };
		4E29CB7A23CE735A009BFEC4 /* Assets.xcassets in Resources */ = {isa = PBXBuildFile; fileRef = 4E29CB7923CE735A009BFEC4 /* Assets.xcassets */; };
		4E29CB8823CE735B009BFEC4 /* seekingPeaceTests.swift in Sources */ = {isa = PBXBuildFile; fileRef = 4E29CB8723CE735B009BFEC4 /* seekingPeaceTests.swift */; };
		4E29CB9D23CE79A0009BFEC4 /* Yoga.json in Resources */ = {isa = PBXBuildFile; fileRef = 4E29CB9C23CE79A0009BFEC4 /* Yoga.json */; };
		4E29CBA123CE7AD4009BFEC4 /* CreateVC.swift in Sources */ = {isa = PBXBuildFile; fileRef = 4E29CBA023CE7AD4009BFEC4 /* CreateVC.swift */; };
		4E29CBA323CE7AE6009BFEC4 /* SequenceVC.swift in Sources */ = {isa = PBXBuildFile; fileRef = 4E29CBA223CE7AE6009BFEC4 /* SequenceVC.swift */; };
		4E29CBA523CE7B61009BFEC4 /* yogaModel.swift in Sources */ = {isa = PBXBuildFile; fileRef = 4E29CBA423CE7B61009BFEC4 /* yogaModel.swift */; };
		4E388EF4254E0A9100C86653 /* CreateCVC.swift in Sources */ = {isa = PBXBuildFile; fileRef = 4E388EF3254E0A9100C86653 /* CreateCVC.swift */; };
		4E42D44D25AF900C00033769 /* GoogleService-Info.plist in Resources */ = {isa = PBXBuildFile; fileRef = 4E42D44C25AF900C00033769 /* GoogleService-Info.plist */; };
		4E43C19325A37A28000AE049 /* SettingsView.swift in Sources */ = {isa = PBXBuildFile; fileRef = 4E43C19225A37A28000AE049 /* SettingsView.swift */; };
		4E43C19725A37A4D000AE049 /* SettingsVC.swift in Sources */ = {isa = PBXBuildFile; fileRef = 4E43C19625A37A4D000AE049 /* SettingsVC.swift */; };
		4E43C19D25A37C6E000AE049 /* MainSettingsTVC.swift in Sources */ = {isa = PBXBuildFile; fileRef = 4E43C19C25A37C6E000AE049 /* MainSettingsTVC.swift */; };
		4E43C1A325A3C6B4000AE049 /* Protocols.swift in Sources */ = {isa = PBXBuildFile; fileRef = 4E43C1A225A3C6B4000AE049 /* Protocols.swift */; };
		4E43C1AB25A407F2000AE049 /* modifiedJson.json in Resources */ = {isa = PBXBuildFile; fileRef = 4E43C1AA25A407F2000AE049 /* modifiedJson.json */; };
		4E43C1AF25A40AC7000AE049 /* ModifiedYogaModel.swift in Sources */ = {isa = PBXBuildFile; fileRef = 4E43C1AE25A40AC7000AE049 /* ModifiedYogaModel.swift */; };
		4E43C1D025A41F10000AE049 /* NavasanaBoatPose.mp4 in Resources */ = {isa = PBXBuildFile; fileRef = 4E43C1B325A40F5D000AE049 /* NavasanaBoatPose.mp4 */; };
		4E5402D42568AFAD0049A472 /* FirestoreService.swift in Sources */ = {isa = PBXBuildFile; fileRef = 4E5402D32568AFAD0049A472 /* FirestoreService.swift */; };
		4E5402D82568B0940049A472 /* UserModel.swift in Sources */ = {isa = PBXBuildFile; fileRef = 4E5402D72568B0940049A472 /* UserModel.swift */; };
		4E5402FB256967440049A472 /* LoginView.swift in Sources */ = {isa = PBXBuildFile; fileRef = 4E5402FA256967440049A472 /* LoginView.swift */; };
		4E540301256967580049A472 /* SignUpView.swift in Sources */ = {isa = PBXBuildFile; fileRef = 4E540300256967580049A472 /* SignUpView.swift */; };
		4E540305256969C10049A472 /* LoginVC.swift in Sources */ = {isa = PBXBuildFile; fileRef = 4E540304256969C10049A472 /* LoginVC.swift */; };
		4E54030925696A140049A472 /* SignUpVC.swift in Sources */ = {isa = PBXBuildFile; fileRef = 4E54030825696A140049A472 /* SignUpVC.swift */; };
		4E54032A2569ABC70049A472 /* StringsValidations.swift in Sources */ = {isa = PBXBuildFile; fileRef = 4E5403292569ABC70049A472 /* StringsValidations.swift */; };
		4E5676002568A1D700A4EE00 /* FirebaseAuthService.swift in Sources */ = {isa = PBXBuildFile; fileRef = 4E5675FF2568A1D700A4EE00 /* FirebaseAuthService.swift */; };
		4E7D436C257D2B9D006FEB92 /* YogiPlaylistModel.swift in Sources */ = {isa = PBXBuildFile; fileRef = 4E7D436B257D2B9D006FEB92 /* YogiPlaylistModel.swift */; };
		4E7D4370257D3494006FEB92 /* PlaylistPoseModel.swift in Sources */ = {isa = PBXBuildFile; fileRef = 4E7D436F257D3494006FEB92 /* PlaylistPoseModel.swift */; };
		4E7D4374257D3F8A006FEB92 /* YogiModel.swift in Sources */ = {isa = PBXBuildFile; fileRef = 4E7D4373257D3F8A006FEB92 /* YogiModel.swift */; };
		4E83295925BB892D00476082 /* PlayVC.swift in Sources */ = {isa = PBXBuildFile; fileRef = 4E83295825BB892D00476082 /* PlayVC.swift */; };
		4E83295D25BB89A100476082 /* PlayView.swift in Sources */ = {isa = PBXBuildFile; fileRef = 4E83295C25BB89A100476082 /* PlayView.swift */; };
		4E915315258AF55B00AAFBEE /* PlaylistPersistenceManager.swift in Sources */ = {isa = PBXBuildFile; fileRef = 4E915314258AF55B00AAFBEE /* PlaylistPersistenceManager.swift */; };
		4E915319258AF73100AAFBEE /* PlaylistPersisted.swift in Sources */ = {isa = PBXBuildFile; fileRef = 4E915318258AF73100AAFBEE /* PlaylistPersisted.swift */; };
		4E9153B5258B1FEE00AAFBEE /* EditSequenceHeaderView.swift in Sources */ = {isa = PBXBuildFile; fileRef = 4E9153B4258B1FEE00AAFBEE /* EditSequenceHeaderView.swift */; };
		4EA2C0CA25B8DFA300A365E0 /* EditViewHeader.swift in Sources */ = {isa = PBXBuildFile; fileRef = 4EA2C0C925B8DFA300A365E0 /* EditViewHeader.swift */; };
		4EC1CF66254CCE650011DA10 /* SequenceView.swift in Sources */ = {isa = PBXBuildFile; fileRef = 4EC1CF65254CCE650011DA10 /* SequenceView.swift */; };
		4EC1CF6A254D0B530011DA10 /* SequenceTVC.swift in Sources */ = {isa = PBXBuildFile; fileRef = 4EC1CF69254D0B530011DA10 /* SequenceTVC.swift */; };
		4EC3938826766B67005EE332 /* UIViewController+Alerts.swift in Sources */ = {isa = PBXBuildFile; fileRef = 4EC3938726766B67005EE332 /* UIViewController+Alerts.swift */; };
		4EC65ED5254C87F4006B2C7A /* MainTabBarVC.swift in Sources */ = {isa = PBXBuildFile; fileRef = 4EC65ED4254C87F4006B2C7A /* MainTabBarVC.swift */; };
		4ECBCAE025B7CD7800A0EF70 /* EditVC.swift in Sources */ = {isa = PBXBuildFile; fileRef = 4ECBCADF25B7CD7800A0EF70 /* EditVC.swift */; };
		4ECBCAE425B7CD9A00A0EF70 /* EditView.swift in Sources */ = {isa = PBXBuildFile; fileRef = 4ECBCAE325B7CD9A00A0EF70 /* EditView.swift */; };
		4ECBCAE825B7CF1E00A0EF70 /* EditTVC.swift in Sources */ = {isa = PBXBuildFile; fileRef = 4ECBCAE725B7CF1E00A0EF70 /* EditTVC.swift */; };
		4ECF70F4257DA55E00F92BA2 /* EditSequenceView.swift in Sources */ = {isa = PBXBuildFile; fileRef = 4ECF70F3257DA55E00F92BA2 /* EditSequenceView.swift */; };
		4ECF70F8257DA86200F92BA2 /* EditSequenceVC.swift in Sources */ = {isa = PBXBuildFile; fileRef = 4ECF70F7257DA86200F92BA2 /* EditSequenceVC.swift */; };
		4ECF711A257DC00B00F92BA2 /* CreatePlaylistTableViewCell.swift in Sources */ = {isa = PBXBuildFile; fileRef = 4ECF7119257DC00B00F92BA2 /* CreatePlaylistTableViewCell.swift */; };
		4ECF711E257EFF6F00F92BA2 /* EditSequenceTVC.swift in Sources */ = {isa = PBXBuildFile; fileRef = 4ECF711D257EFF6E00F92BA2 /* EditSequenceTVC.swift */; };
		4ED4B0A325BA09F40084B037 /* backDropGradient.swift in Sources */ = {isa = PBXBuildFile; fileRef = 4ED4B0A225BA09F40084B037 /* backDropGradient.swift */; };
		4EDAD00D259435AE00574CB7 /* PlaylistCellDelegate.swift in Sources */ = {isa = PBXBuildFile; fileRef = 4EDAD00C259435AE00574CB7 /* PlaylistCellDelegate.swift */; };
		4EECC0212577F732008AF4AC /* SpTextField.swift in Sources */ = {isa = PBXBuildFile; fileRef = 4EECC0202577F732008AF4AC /* SpTextField.swift */; };
		4EECC06625787FE6008AF4AC /* GlossaryView.swift in Sources */ = {isa = PBXBuildFile; fileRef = 4EECC06525787FE6008AF4AC /* GlossaryView.swift */; };
		4EECC06C25787FFF008AF4AC /* GlossaryVC.swift in Sources */ = {isa = PBXBuildFile; fileRef = 4EECC06B25787FFF008AF4AC /* GlossaryVC.swift */; };
		4EECC07025788093008AF4AC /* PoseDetailVC.swift in Sources */ = {isa = PBXBuildFile; fileRef = 4EECC06F25788093008AF4AC /* PoseDetailVC.swift */; };
		4EECC074257880B8008AF4AC /* PoseDetailView.swift in Sources */ = {isa = PBXBuildFile; fileRef = 4EECC073257880B8008AF4AC /* PoseDetailView.swift */; };
		4EECC07A257886DE008AF4AC /* GlossaryTVC.swift in Sources */ = {isa = PBXBuildFile; fileRef = 4EECC079257886DE008AF4AC /* GlossaryTVC.swift */; };
		4EF257AD2554E6BD001A425F /* CreateView.swift in Sources */ = {isa = PBXBuildFile; fileRef = 4EF257AC2554E6BD001A425F /* CreateView.swift */; };
		4EF484D125C4758900A0FFE8 /* BreatheAnimation.swift in Sources */ = {isa = PBXBuildFile; fileRef = 4EF484D025C4758900A0FFE8 /* BreatheAnimation.swift */; };
		B79B34A1DF4217554C19DF74 /* Pods_seekingPeace.framework in Frameworks */ = {isa = PBXBuildFile; fileRef = 7D82031FCA342A7A0FF55566 /* Pods_seekingPeace.framework */; };
		E6CF666C3F6CD8B573DFA7C8 /* Pods_seekingPeaceTests.framework in Frameworks */ = {isa = PBXBuildFile; fileRef = ABE6A79644C7B929E1F71D70 /* Pods_seekingPeaceTests.framework */; };
/* End PBXBuildFile section */

/* Begin PBXContainerItemProxy section */
		4E29CB8423CE735B009BFEC4 /* PBXContainerItemProxy */ = {
			isa = PBXContainerItemProxy;
			containerPortal = 4E29CB6523CE7358009BFEC4 /* Project object */;
			proxyType = 1;
			remoteGlobalIDString = 4E29CB6C23CE7358009BFEC4;
			remoteInfo = seekingPeace;
		};
/* End PBXContainerItemProxy section */

/* Begin PBXFileReference section */
		4E002C8C257F38020046639C /* PoseSettingsView.swift */ = {isa = PBXFileReference; lastKnownFileType = sourcecode.swift; path = PoseSettingsView.swift; sourceTree = "<group>"; };
		4E002C90257F38980046639C /* PoseSettingsVC.swift */ = {isa = PBXFileReference; lastKnownFileType = sourcecode.swift; path = PoseSettingsVC.swift; sourceTree = "<group>"; };
		4E002C942581731A0046639C /* PersistenceHelper.swift */ = {isa = PBXFileReference; lastKnownFileType = sourcecode.swift; path = PersistenceHelper.swift; sourceTree = "<group>"; };
		4E005B0C2572151C000CEF55 /* Notes.swift */ = {isa = PBXFileReference; lastKnownFileType = sourcecode.swift; path = Notes.swift; sourceTree = "<group>"; };
		4E005B102572E801000CEF55 /* CrayonBox.swift */ = {isa = PBXFileReference; lastKnownFileType = sourcecode.swift; path = CrayonBox.swift; sourceTree = "<group>"; };
		4E07E9A723FDD0FB00D65CEC /* yogaImageHelper.swift */ = {isa = PBXFileReference; lastKnownFileType = sourcecode.swift; path = yogaImageHelper.swift; sourceTree = "<group>"; };
		4E1EA56723E9D56A00780F86 /* NetworkManger.swift */ = {isa = PBXFileReference; lastKnownFileType = sourcecode.swift; path = NetworkManger.swift; sourceTree = "<group>"; };
		4E2611F2259462E2004D32BD /* NoSequencesView.swift */ = {isa = PBXFileReference; lastKnownFileType = sourcecode.swift; path = NoSequencesView.swift; sourceTree = "<group>"; };
		4E2611F6259BB74D004D32BD /* PhotoCredits.swift */ = {isa = PBXFileReference; lastKnownFileType = sourcecode.swift; path = PhotoCredits.swift; sourceTree = "<group>"; };
		4E29CB6D23CE7358009BFEC4 /* seekingPeace.app */ = {isa = PBXFileReference; explicitFileType = wrapper.application; includeInIndex = 0; path = seekingPeace.app; sourceTree = BUILT_PRODUCTS_DIR; };
		4E29CB7023CE7358009BFEC4 /* AppDelegate.swift */ = {isa = PBXFileReference; lastKnownFileType = sourcecode.swift; path = AppDelegate.swift; sourceTree = "<group>"; };
		4E29CB7223CE7358009BFEC4 /* SceneDelegate.swift */ = {isa = PBXFileReference; lastKnownFileType = sourcecode.swift; path = SceneDelegate.swift; sourceTree = "<group>"; };
		4E29CB7923CE735A009BFEC4 /* Assets.xcassets */ = {isa = PBXFileReference; lastKnownFileType = folder.assetcatalog; path = Assets.xcassets; sourceTree = "<group>"; };
		4E29CB7E23CE735A009BFEC4 /* Info.plist */ = {isa = PBXFileReference; lastKnownFileType = text.plist.xml; path = Info.plist; sourceTree = "<group>"; };
		4E29CB8323CE735B009BFEC4 /* seekingPeaceTests.xctest */ = {isa = PBXFileReference; explicitFileType = wrapper.cfbundle; includeInIndex = 0; path = seekingPeaceTests.xctest; sourceTree = BUILT_PRODUCTS_DIR; };
		4E29CB8723CE735B009BFEC4 /* seekingPeaceTests.swift */ = {isa = PBXFileReference; lastKnownFileType = sourcecode.swift; path = seekingPeaceTests.swift; sourceTree = "<group>"; };
		4E29CB8923CE735B009BFEC4 /* Info.plist */ = {isa = PBXFileReference; lastKnownFileType = text.plist.xml; path = Info.plist; sourceTree = "<group>"; };
		4E29CB9C23CE79A0009BFEC4 /* Yoga.json */ = {isa = PBXFileReference; lastKnownFileType = text.json; path = Yoga.json; sourceTree = "<group>"; };
		4E29CBA023CE7AD4009BFEC4 /* CreateVC.swift */ = {isa = PBXFileReference; lastKnownFileType = sourcecode.swift; path = CreateVC.swift; sourceTree = "<group>"; };
		4E29CBA223CE7AE6009BFEC4 /* SequenceVC.swift */ = {isa = PBXFileReference; lastKnownFileType = sourcecode.swift; path = SequenceVC.swift; sourceTree = "<group>"; };
		4E29CBA423CE7B61009BFEC4 /* yogaModel.swift */ = {isa = PBXFileReference; lastKnownFileType = sourcecode.swift; path = yogaModel.swift; sourceTree = "<group>"; };
		4E388EF3254E0A9100C86653 /* CreateCVC.swift */ = {isa = PBXFileReference; lastKnownFileType = sourcecode.swift; path = CreateCVC.swift; sourceTree = "<group>"; };
		4E42D44C25AF900C00033769 /* GoogleService-Info.plist */ = {isa = PBXFileReference; fileEncoding = 4; lastKnownFileType = text.plist.xml; path = "GoogleService-Info.plist"; sourceTree = "<group>"; };
		4E43C19225A37A28000AE049 /* SettingsView.swift */ = {isa = PBXFileReference; lastKnownFileType = sourcecode.swift; path = SettingsView.swift; sourceTree = "<group>"; };
		4E43C19625A37A4D000AE049 /* SettingsVC.swift */ = {isa = PBXFileReference; lastKnownFileType = sourcecode.swift; path = SettingsVC.swift; sourceTree = "<group>"; };
		4E43C19C25A37C6E000AE049 /* MainSettingsTVC.swift */ = {isa = PBXFileReference; lastKnownFileType = sourcecode.swift; path = MainSettingsTVC.swift; sourceTree = "<group>"; };
		4E43C1A225A3C6B4000AE049 /* Protocols.swift */ = {isa = PBXFileReference; lastKnownFileType = sourcecode.swift; path = Protocols.swift; sourceTree = "<group>"; };
		4E43C1AA25A407F2000AE049 /* modifiedJson.json */ = {isa = PBXFileReference; lastKnownFileType = text.json; path = modifiedJson.json; sourceTree = "<group>"; };
		4E43C1AE25A40AC7000AE049 /* ModifiedYogaModel.swift */ = {isa = PBXFileReference; lastKnownFileType = sourcecode.swift; path = ModifiedYogaModel.swift; sourceTree = "<group>"; };
		4E43C1B325A40F5D000AE049 /* NavasanaBoatPose.mp4 */ = {isa = PBXFileReference; lastKnownFileType = file; path = NavasanaBoatPose.mp4; sourceTree = "<group>"; };
		4E5402D32568AFAD0049A472 /* FirestoreService.swift */ = {isa = PBXFileReference; lastKnownFileType = sourcecode.swift; path = FirestoreService.swift; sourceTree = "<group>"; };
		4E5402D72568B0940049A472 /* UserModel.swift */ = {isa = PBXFileReference; lastKnownFileType = sourcecode.swift; path = UserModel.swift; sourceTree = "<group>"; };
		4E5402FA256967440049A472 /* LoginView.swift */ = {isa = PBXFileReference; lastKnownFileType = sourcecode.swift; path = LoginView.swift; sourceTree = "<group>"; };
		4E540300256967580049A472 /* SignUpView.swift */ = {isa = PBXFileReference; lastKnownFileType = sourcecode.swift; path = SignUpView.swift; sourceTree = "<group>"; };
		4E540304256969C10049A472 /* LoginVC.swift */ = {isa = PBXFileReference; lastKnownFileType = sourcecode.swift; path = LoginVC.swift; sourceTree = "<group>"; };
		4E54030825696A140049A472 /* SignUpVC.swift */ = {isa = PBXFileReference; lastKnownFileType = sourcecode.swift; path = SignUpVC.swift; sourceTree = "<group>"; };
		4E5403292569ABC70049A472 /* StringsValidations.swift */ = {isa = PBXFileReference; lastKnownFileType = sourcecode.swift; path = StringsValidations.swift; sourceTree = "<group>"; };
		4E5675FF2568A1D700A4EE00 /* FirebaseAuthService.swift */ = {isa = PBXFileReference; lastKnownFileType = sourcecode.swift; path = FirebaseAuthService.swift; sourceTree = "<group>"; };
		4E7D436B257D2B9D006FEB92 /* YogiPlaylistModel.swift */ = {isa = PBXFileReference; lastKnownFileType = sourcecode.swift; path = YogiPlaylistModel.swift; sourceTree = "<group>"; };
		4E7D436F257D3494006FEB92 /* PlaylistPoseModel.swift */ = {isa = PBXFileReference; lastKnownFileType = sourcecode.swift; path = PlaylistPoseModel.swift; sourceTree = "<group>"; };
		4E7D4373257D3F8A006FEB92 /* YogiModel.swift */ = {isa = PBXFileReference; lastKnownFileType = sourcecode.swift; path = YogiModel.swift; sourceTree = "<group>"; };
		4E83295825BB892D00476082 /* PlayVC.swift */ = {isa = PBXFileReference; lastKnownFileType = sourcecode.swift; path = PlayVC.swift; sourceTree = "<group>"; };
		4E83295C25BB89A100476082 /* PlayView.swift */ = {isa = PBXFileReference; lastKnownFileType = sourcecode.swift; path = PlayView.swift; sourceTree = "<group>"; };
		4E915314258AF55B00AAFBEE /* PlaylistPersistenceManager.swift */ = {isa = PBXFileReference; lastKnownFileType = sourcecode.swift; path = PlaylistPersistenceManager.swift; sourceTree = "<group>"; };
		4E915318258AF73100AAFBEE /* PlaylistPersisted.swift */ = {isa = PBXFileReference; lastKnownFileType = sourcecode.swift; path = PlaylistPersisted.swift; sourceTree = "<group>"; };
		4E9153B4258B1FEE00AAFBEE /* EditSequenceHeaderView.swift */ = {isa = PBXFileReference; lastKnownFileType = sourcecode.swift; path = EditSequenceHeaderView.swift; sourceTree = "<group>"; };
		4EA2C0C925B8DFA300A365E0 /* EditViewHeader.swift */ = {isa = PBXFileReference; lastKnownFileType = sourcecode.swift; path = EditViewHeader.swift; sourceTree = "<group>"; };
		4EC1CF65254CCE650011DA10 /* SequenceView.swift */ = {isa = PBXFileReference; lastKnownFileType = sourcecode.swift; path = SequenceView.swift; sourceTree = "<group>"; };
		4EC1CF69254D0B530011DA10 /* SequenceTVC.swift */ = {isa = PBXFileReference; lastKnownFileType = sourcecode.swift; path = SequenceTVC.swift; sourceTree = "<group>"; };
		4EC3938726766B67005EE332 /* UIViewController+Alerts.swift */ = {isa = PBXFileReference; lastKnownFileType = sourcecode.swift; path = "UIViewController+Alerts.swift"; sourceTree = "<group>"; };
		4EC65ED4254C87F4006B2C7A /* MainTabBarVC.swift */ = {isa = PBXFileReference; lastKnownFileType = sourcecode.swift; path = MainTabBarVC.swift; sourceTree = "<group>"; };
		4ECBCADF25B7CD7800A0EF70 /* EditVC.swift */ = {isa = PBXFileReference; lastKnownFileType = sourcecode.swift; path = EditVC.swift; sourceTree = "<group>"; };
		4ECBCAE325B7CD9A00A0EF70 /* EditView.swift */ = {isa = PBXFileReference; lastKnownFileType = sourcecode.swift; path = EditView.swift; sourceTree = "<group>"; };
		4ECBCAE725B7CF1E00A0EF70 /* EditTVC.swift */ = {isa = PBXFileReference; lastKnownFileType = sourcecode.swift; path = EditTVC.swift; sourceTree = "<group>"; };
		4ECF70F3257DA55E00F92BA2 /* EditSequenceView.swift */ = {isa = PBXFileReference; lastKnownFileType = sourcecode.swift; path = EditSequenceView.swift; sourceTree = "<group>"; };
		4ECF70F7257DA86200F92BA2 /* EditSequenceVC.swift */ = {isa = PBXFileReference; lastKnownFileType = sourcecode.swift; path = EditSequenceVC.swift; sourceTree = "<group>"; };
		4ECF7119257DC00B00F92BA2 /* CreatePlaylistTableViewCell.swift */ = {isa = PBXFileReference; lastKnownFileType = sourcecode.swift; path = CreatePlaylistTableViewCell.swift; sourceTree = "<group>"; };
		4ECF711D257EFF6E00F92BA2 /* EditSequenceTVC.swift */ = {isa = PBXFileReference; lastKnownFileType = sourcecode.swift; path = EditSequenceTVC.swift; sourceTree = "<group>"; };
		4ED4B0A225BA09F40084B037 /* backDropGradient.swift */ = {isa = PBXFileReference; lastKnownFileType = sourcecode.swift; path = backDropGradient.swift; sourceTree = "<group>"; };
		4EDAD00C259435AE00574CB7 /* PlaylistCellDelegate.swift */ = {isa = PBXFileReference; lastKnownFileType = sourcecode.swift; path = PlaylistCellDelegate.swift; sourceTree = "<group>"; };
		4EECC0202577F732008AF4AC /* SpTextField.swift */ = {isa = PBXFileReference; lastKnownFileType = sourcecode.swift; path = SpTextField.swift; sourceTree = "<group>"; };
		4EECC06525787FE6008AF4AC /* GlossaryView.swift */ = {isa = PBXFileReference; lastKnownFileType = sourcecode.swift; path = GlossaryView.swift; sourceTree = "<group>"; };
		4EECC06B25787FFF008AF4AC /* GlossaryVC.swift */ = {isa = PBXFileReference; lastKnownFileType = sourcecode.swift; path = GlossaryVC.swift; sourceTree = "<group>"; };
		4EECC06F25788093008AF4AC /* PoseDetailVC.swift */ = {isa = PBXFileReference; lastKnownFileType = sourcecode.swift; path = PoseDetailVC.swift; sourceTree = "<group>"; };
		4EECC073257880B8008AF4AC /* PoseDetailView.swift */ = {isa = PBXFileReference; lastKnownFileType = sourcecode.swift; path = PoseDetailView.swift; sourceTree = "<group>"; };
		4EECC079257886DE008AF4AC /* GlossaryTVC.swift */ = {isa = PBXFileReference; lastKnownFileType = sourcecode.swift; path = GlossaryTVC.swift; sourceTree = "<group>"; };
		4EF257AC2554E6BD001A425F /* CreateView.swift */ = {isa = PBXFileReference; lastKnownFileType = sourcecode.swift; path = CreateView.swift; sourceTree = "<group>"; };
		4EF484D025C4758900A0FFE8 /* BreatheAnimation.swift */ = {isa = PBXFileReference; lastKnownFileType = sourcecode.swift; path = BreatheAnimation.swift; sourceTree = "<group>"; };
		7D82031FCA342A7A0FF55566 /* Pods_seekingPeace.framework */ = {isa = PBXFileReference; explicitFileType = wrapper.framework; includeInIndex = 0; path = Pods_seekingPeace.framework; sourceTree = BUILT_PRODUCTS_DIR; };
		ABE6A79644C7B929E1F71D70 /* Pods_seekingPeaceTests.framework */ = {isa = PBXFileReference; explicitFileType = wrapper.framework; includeInIndex = 0; path = Pods_seekingPeaceTests.framework; sourceTree = BUILT_PRODUCTS_DIR; };
		C0200D0D69222FDF55ABB802 /* Pods-seekingPeaceTests.debug.xcconfig */ = {isa = PBXFileReference; includeInIndex = 1; lastKnownFileType = text.xcconfig; name = "Pods-seekingPeaceTests.debug.xcconfig"; path = "Target Support Files/Pods-seekingPeaceTests/Pods-seekingPeaceTests.debug.xcconfig"; sourceTree = "<group>"; };
		DBCA3F91293DBB37BD9FB5F5 /* Pods-seekingPeaceTests.release.xcconfig */ = {isa = PBXFileReference; includeInIndex = 1; lastKnownFileType = text.xcconfig; name = "Pods-seekingPeaceTests.release.xcconfig"; path = "Target Support Files/Pods-seekingPeaceTests/Pods-seekingPeaceTests.release.xcconfig"; sourceTree = "<group>"; };
		ED1EECFE64B438C2A8B5B88B /* Pods-seekingPeace.debug.xcconfig */ = {isa = PBXFileReference; includeInIndex = 1; lastKnownFileType = text.xcconfig; name = "Pods-seekingPeace.debug.xcconfig"; path = "Target Support Files/Pods-seekingPeace/Pods-seekingPeace.debug.xcconfig"; sourceTree = "<group>"; };
		EFFCC59BDF07A715E5F03DCA /* Pods-seekingPeace.release.xcconfig */ = {isa = PBXFileReference; includeInIndex = 1; lastKnownFileType = text.xcconfig; name = "Pods-seekingPeace.release.xcconfig"; path = "Target Support Files/Pods-seekingPeace/Pods-seekingPeace.release.xcconfig"; sourceTree = "<group>"; };
/* End PBXFileReference section */

/* Begin PBXFrameworksBuildPhase section */
		4E29CB6A23CE7358009BFEC4 /* Frameworks */ = {
			isa = PBXFrameworksBuildPhase;
			buildActionMask = 2147483647;
			files = (
				B79B34A1DF4217554C19DF74 /* Pods_seekingPeace.framework in Frameworks */,
			);
			runOnlyForDeploymentPostprocessing = 0;
		};
		4E29CB8023CE735B009BFEC4 /* Frameworks */ = {
			isa = PBXFrameworksBuildPhase;
			buildActionMask = 2147483647;
			files = (
				E6CF666C3F6CD8B573DFA7C8 /* Pods_seekingPeaceTests.framework in Frameworks */,
			);
			runOnlyForDeploymentPostprocessing = 0;
		};
/* End PBXFrameworksBuildPhase section */

/* Begin PBXGroup section */
		25A9C33066CA9FDA74A0047F /* Frameworks */ = {
			isa = PBXGroup;
			children = (
				7D82031FCA342A7A0FF55566 /* Pods_seekingPeace.framework */,
				ABE6A79644C7B929E1F71D70 /* Pods_seekingPeaceTests.framework */,
			);
			name = Frameworks;
			sourceTree = "<group>";
		};
		4E1EA56A23E9D70700780F86 /* CreateSequence */ = {
			isa = PBXGroup;
			children = (
				4E29CBA023CE7AD4009BFEC4 /* CreateVC.swift */,
				4EF257AC2554E6BD001A425F /* CreateView.swift */,
				4E388EF3254E0A9100C86653 /* CreateCVC.swift */,
				4ECF70F7257DA86200F92BA2 /* EditSequenceVC.swift */,
				4ECF70F3257DA55E00F92BA2 /* EditSequenceView.swift */,
				4E9153B4258B1FEE00AAFBEE /* EditSequenceHeaderView.swift */,
				4ECF711D257EFF6E00F92BA2 /* EditSequenceTVC.swift */,
				4E002C8C257F38020046639C /* PoseSettingsView.swift */,
				4E002C90257F38980046639C /* PoseSettingsVC.swift */,
			);
			path = CreateSequence;
			sourceTree = "<group>";
		};
		4E1EA56B23E9D71000780F86 /* Sequence */ = {
			isa = PBXGroup;
			children = (
				4E29CBA223CE7AE6009BFEC4 /* SequenceVC.swift */,
				4EC1CF65254CCE650011DA10 /* SequenceView.swift */,
				4E2611F2259462E2004D32BD /* NoSequencesView.swift */,
				4EC1CF69254D0B530011DA10 /* SequenceTVC.swift */,
				4ECBCADF25B7CD7800A0EF70 /* EditVC.swift */,
				4ECBCAE325B7CD9A00A0EF70 /* EditView.swift */,
				4EA2C0C925B8DFA300A365E0 /* EditViewHeader.swift */,
				4ECBCAE725B7CF1E00A0EF70 /* EditTVC.swift */,
			);
			path = Sequence;
			sourceTree = "<group>";
		};
		4E29CB6423CE7358009BFEC4 = {
			isa = PBXGroup;
			children = (
				4E42D44C25AF900C00033769 /* GoogleService-Info.plist */,
				4E29CB6F23CE7358009BFEC4 /* seekingPeace */,
				4E29CB8623CE735B009BFEC4 /* seekingPeaceTests */,
				4E29CB6E23CE7358009BFEC4 /* Products */,
				D8DCD4BE043CA333C0CF6EC0 /* Pods */,
				25A9C33066CA9FDA74A0047F /* Frameworks */,
			);
			sourceTree = "<group>";
		};
		4E29CB6E23CE7358009BFEC4 /* Products */ = {
			isa = PBXGroup;
			children = (
				4E29CB6D23CE7358009BFEC4 /* seekingPeace.app */,
				4E29CB8323CE735B009BFEC4 /* seekingPeaceTests.xctest */,
			);
			name = Products;
			sourceTree = "<group>";
		};
		4E29CB6F23CE7358009BFEC4 /* seekingPeace */ = {
			isa = PBXGroup;
			children = (
				4E43C1B225A40F45000AE049 /* Video */,
				4E29CB9323CE780A009BFEC4 /* Controllers */,
				4E5403282569AB920049A472 /* Extensions */,
				4E5675FE2568A16400A4EE00 /* Firebase */,
				4E29CB9623CE7842009BFEC4 /* JSON */,
				4E29CB9523CE7821009BFEC4 /* Models */,
				4E29CB9823CE7929009BFEC4 /* Network Helpers */,
				4E29CB9923CE7933009BFEC4 /* Persistence */,
				4E29CB9223CE74AB009BFEC4 /* Supporting Files */,
				4E29CB7E23CE735A009BFEC4 /* Info.plist */,
			);
			path = seekingPeace;
			sourceTree = "<group>";
		};
		4E29CB8623CE735B009BFEC4 /* seekingPeaceTests */ = {
			isa = PBXGroup;
			children = (
				4E29CB8723CE735B009BFEC4 /* seekingPeaceTests.swift */,
				4E29CB8923CE735B009BFEC4 /* Info.plist */,
			);
			path = seekingPeaceTests;
			sourceTree = "<group>";
		};
		4E29CB9223CE74AB009BFEC4 /* Supporting Files */ = {
			isa = PBXGroup;
			children = (
				4E29CB7023CE7358009BFEC4 /* AppDelegate.swift */,
				4E29CB7223CE7358009BFEC4 /* SceneDelegate.swift */,
				4E29CB7923CE735A009BFEC4 /* Assets.xcassets */,
				4E005B0C2572151C000CEF55 /* Notes.swift */,
				4E2611F6259BB74D004D32BD /* PhotoCredits.swift */,
			);
			name = "Supporting Files";
			sourceTree = "<group>";
		};
		4E29CB9323CE780A009BFEC4 /* Controllers */ = {
			isa = PBXGroup;
			children = (
				4EC65ED4254C87F4006B2C7A /* MainTabBarVC.swift */,
				4E5402F7256967060049A472 /* Authentication */,
				4E1EA56A23E9D70700780F86 /* CreateSequence */,
				4E1EA56B23E9D71000780F86 /* Sequence */,
				4E83295725BB7AF600476082 /* PlaySequence */,
				4EECC06425787F94008AF4AC /* Index */,
				4E43C19125A378F0000AE049 /* UserSettings */,
			);
			path = Controllers;
			sourceTree = "<group>";
		};
		4E29CB9523CE7821009BFEC4 /* Models */ = {
			isa = PBXGroup;
			children = (
				4E29CBA423CE7B61009BFEC4 /* yogaModel.swift */,
				4E43C1AE25A40AC7000AE049 /* ModifiedYogaModel.swift */,
				4E5402D72568B0940049A472 /* UserModel.swift */,
				4E7D4373257D3F8A006FEB92 /* YogiModel.swift */,
				4E7D436B257D2B9D006FEB92 /* YogiPlaylistModel.swift */,
				4E7D436F257D3494006FEB92 /* PlaylistPoseModel.swift */,
				4E915318258AF73100AAFBEE /* PlaylistPersisted.swift */,
			);
			path = Models;
			sourceTree = "<group>";
		};
		4E29CB9623CE7842009BFEC4 /* JSON */ = {
			isa = PBXGroup;
			children = (
				4E29CB9C23CE79A0009BFEC4 /* Yoga.json */,
				4E43C1AA25A407F2000AE049 /* modifiedJson.json */,
			);
			path = JSON;
			sourceTree = "<group>";
		};
		4E29CB9823CE7929009BFEC4 /* Network Helpers */ = {
			isa = PBXGroup;
			children = (
				4E1EA56723E9D56A00780F86 /* NetworkManger.swift */,
				4E07E9A723FDD0FB00D65CEC /* yogaImageHelper.swift */,
			);
			path = "Network Helpers";
			sourceTree = "<group>";
		};
		4E29CB9923CE7933009BFEC4 /* Persistence */ = {
			isa = PBXGroup;
			children = (
				4E002C942581731A0046639C /* PersistenceHelper.swift */,
				4E915314258AF55B00AAFBEE /* PlaylistPersistenceManager.swift */,
			);
			path = Persistence;
			sourceTree = "<group>";
		};
		4E43C19125A378F0000AE049 /* UserSettings */ = {
			isa = PBXGroup;
			children = (
				4E43C19C25A37C6E000AE049 /* MainSettingsTVC.swift */,
				4E43C19625A37A4D000AE049 /* SettingsVC.swift */,
				4E43C19225A37A28000AE049 /* SettingsView.swift */,
			);
			path = UserSettings;
			sourceTree = "<group>";
		};
		4E43C1B225A40F45000AE049 /* Video */ = {
			isa = PBXGroup;
			children = (
				4E43C1B325A40F5D000AE049 /* NavasanaBoatPose.mp4 */,
			);
			path = Video;
			sourceTree = "<group>";
		};
		4E5402F7256967060049A472 /* Authentication */ = {
			isa = PBXGroup;
			children = (
				4E5402FA256967440049A472 /* LoginView.swift */,
				4E540304256969C10049A472 /* LoginVC.swift */,
				4E540300256967580049A472 /* SignUpView.swift */,
				4E54030825696A140049A472 /* SignUpVC.swift */,
			);
			path = Authentication;
			sourceTree = "<group>";
		};
		4E5403282569AB920049A472 /* Extensions */ = {
			isa = PBXGroup;
			children = (
				4E5403292569ABC70049A472 /* StringsValidations.swift */,
				4EC3938726766B67005EE332 /* UIViewController+Alerts.swift */,
				4E005B102572E801000CEF55 /* CrayonBox.swift */,
				4EECC0202577F732008AF4AC /* SpTextField.swift */,
				4EDAD00C259435AE00574CB7 /* PlaylistCellDelegate.swift */,
				4E43C1A225A3C6B4000AE049 /* Protocols.swift */,
				4ED4B0A225BA09F40084B037 /* backDropGradient.swift */,
			);
			path = Extensions;
			sourceTree = "<group>";
		};
		4E5675FE2568A16400A4EE00 /* Firebase */ = {
			isa = PBXGroup;
			children = (
				4E5675FF2568A1D700A4EE00 /* FirebaseAuthService.swift */,
				4E5402D32568AFAD0049A472 /* FirestoreService.swift */,
			);
			path = Firebase;
			sourceTree = "<group>";
		};
		4E83295725BB7AF600476082 /* PlaySequence */ = {
			isa = PBXGroup;
			children = (
				4E83295825BB892D00476082 /* PlayVC.swift */,
				4EF484D025C4758900A0FFE8 /* BreatheAnimation.swift */,
				4E83295C25BB89A100476082 /* PlayView.swift */,
			);
			path = PlaySequence;
			sourceTree = "<group>";
		};
		4EECC06425787F94008AF4AC /* Index */ = {
			isa = PBXGroup;
			children = (
				4EECC06B25787FFF008AF4AC /* GlossaryVC.swift */,
				4EECC06525787FE6008AF4AC /* GlossaryView.swift */,
				4EECC079257886DE008AF4AC /* GlossaryTVC.swift */,
				4EECC06F25788093008AF4AC /* PoseDetailVC.swift */,
				4ECF7119257DC00B00F92BA2 /* CreatePlaylistTableViewCell.swift */,
				4EECC073257880B8008AF4AC /* PoseDetailView.swift */,
			);
			path = Index;
			sourceTree = "<group>";
		};
		D8DCD4BE043CA333C0CF6EC0 /* Pods */ = {
			isa = PBXGroup;
			children = (
				ED1EECFE64B438C2A8B5B88B /* Pods-seekingPeace.debug.xcconfig */,
				EFFCC59BDF07A715E5F03DCA /* Pods-seekingPeace.release.xcconfig */,
				C0200D0D69222FDF55ABB802 /* Pods-seekingPeaceTests.debug.xcconfig */,
				DBCA3F91293DBB37BD9FB5F5 /* Pods-seekingPeaceTests.release.xcconfig */,
			);
			path = Pods;
			sourceTree = "<group>";
		};
/* End PBXGroup section */

/* Begin PBXNativeTarget section */
		4E29CB6C23CE7358009BFEC4 /* seekingPeace */ = {
			isa = PBXNativeTarget;
			buildConfigurationList = 4E29CB8C23CE735B009BFEC4 /* Build configuration list for PBXNativeTarget "seekingPeace" */;
			buildPhases = (
				6A3F4D848332E4ABAC54D37B /* [CP] Check Pods Manifest.lock */,
				4E29CB6923CE7358009BFEC4 /* Sources */,
				4E29CB6A23CE7358009BFEC4 /* Frameworks */,
				4E29CB6B23CE7358009BFEC4 /* Resources */,
				A31A30EC1AF6DA00B27C3C53 /* [CP] Embed Pods Frameworks */,
			);
			buildRules = (
			);
			dependencies = (
			);
			name = seekingPeace;
			productName = seekingPeace;
			productReference = 4E29CB6D23CE7358009BFEC4 /* seekingPeace.app */;
			productType = "com.apple.product-type.application";
		};
		4E29CB8223CE735B009BFEC4 /* seekingPeaceTests */ = {
			isa = PBXNativeTarget;
			buildConfigurationList = 4E29CB8F23CE735B009BFEC4 /* Build configuration list for PBXNativeTarget "seekingPeaceTests" */;
			buildPhases = (
				E86B7041B492249A6AC9546F /* [CP] Check Pods Manifest.lock */,
				4E29CB7F23CE735B009BFEC4 /* Sources */,
				4E29CB8023CE735B009BFEC4 /* Frameworks */,
				4E29CB8123CE735B009BFEC4 /* Resources */,
			);
			buildRules = (
			);
			dependencies = (
				4E29CB8523CE735B009BFEC4 /* PBXTargetDependency */,
			);
			name = seekingPeaceTests;
			productName = seekingPeaceTests;
			productReference = 4E29CB8323CE735B009BFEC4 /* seekingPeaceTests.xctest */;
			productType = "com.apple.product-type.bundle.unit-test";
		};
/* End PBXNativeTarget section */

/* Begin PBXProject section */
		4E29CB6523CE7358009BFEC4 /* Project object */ = {
			isa = PBXProject;
			attributes = {
				LastSwiftUpdateCheck = 1110;
				LastUpgradeCheck = 1110;
				ORGANIZATIONNAME = "Tia Lendor";
				TargetAttributes = {
					4E29CB6C23CE7358009BFEC4 = {
						CreatedOnToolsVersion = 11.1;
					};
					4E29CB8223CE735B009BFEC4 = {
						CreatedOnToolsVersion = 11.1;
						TestTargetID = 4E29CB6C23CE7358009BFEC4;
					};
				};
			};
			buildConfigurationList = 4E29CB6823CE7358009BFEC4 /* Build configuration list for PBXProject "seekingPeace" */;
			compatibilityVersion = "Xcode 9.3";
			developmentRegion = en;
			hasScannedForEncodings = 0;
			knownRegions = (
				en,
				Base,
			);
			mainGroup = 4E29CB6423CE7358009BFEC4;
			productRefGroup = 4E29CB6E23CE7358009BFEC4 /* Products */;
			projectDirPath = "";
			projectRoot = "";
			targets = (
				4E29CB6C23CE7358009BFEC4 /* seekingPeace */,
				4E29CB8223CE735B009BFEC4 /* seekingPeaceTests */,
			);
		};
/* End PBXProject section */

/* Begin PBXResourcesBuildPhase section */
		4E29CB6B23CE7358009BFEC4 /* Resources */ = {
			isa = PBXResourcesBuildPhase;
			buildActionMask = 2147483647;
			files = (
				4E43C1D025A41F10000AE049 /* NavasanaBoatPose.mp4 in Resources */,
				4E43C1AB25A407F2000AE049 /* modifiedJson.json in Resources */,
				4E42D44D25AF900C00033769 /* GoogleService-Info.plist in Resources */,
				4E29CB7A23CE735A009BFEC4 /* Assets.xcassets in Resources */,
				4E29CB9D23CE79A0009BFEC4 /* Yoga.json in Resources */,
			);
			runOnlyForDeploymentPostprocessing = 0;
		};
		4E29CB8123CE735B009BFEC4 /* Resources */ = {
			isa = PBXResourcesBuildPhase;
			buildActionMask = 2147483647;
			files = (
			);
			runOnlyForDeploymentPostprocessing = 0;
		};
/* End PBXResourcesBuildPhase section */

/* Begin PBXShellScriptBuildPhase section */
		6A3F4D848332E4ABAC54D37B /* [CP] Check Pods Manifest.lock */ = {
			isa = PBXShellScriptBuildPhase;
			buildActionMask = 2147483647;
			files = (
			);
			inputFileListPaths = (
			);
			inputPaths = (
				"${PODS_PODFILE_DIR_PATH}/Podfile.lock",
				"${PODS_ROOT}/Manifest.lock",
			);
			name = "[CP] Check Pods Manifest.lock";
			outputFileListPaths = (
			);
			outputPaths = (
				"$(DERIVED_FILE_DIR)/Pods-seekingPeace-checkManifestLockResult.txt",
			);
			runOnlyForDeploymentPostprocessing = 0;
			shellPath = /bin/sh;
			shellScript = "diff \"${PODS_PODFILE_DIR_PATH}/Podfile.lock\" \"${PODS_ROOT}/Manifest.lock\" > /dev/null\nif [ $? != 0 ] ; then\n    # print error to STDERR\n    echo \"error: The sandbox is not in sync with the Podfile.lock. Run 'pod install' or update your CocoaPods installation.\" >&2\n    exit 1\nfi\n# This output is used by Xcode 'outputs' to avoid re-running this script phase.\necho \"SUCCESS\" > \"${SCRIPT_OUTPUT_FILE_0}\"\n";
			showEnvVarsInLog = 0;
		};
		A31A30EC1AF6DA00B27C3C53 /* [CP] Embed Pods Frameworks */ = {
			isa = PBXShellScriptBuildPhase;
			buildActionMask = 2147483647;
			files = (
			);
			inputFileListPaths = (
				"${PODS_ROOT}/Target Support Files/Pods-seekingPeace/Pods-seekingPeace-frameworks-${CONFIGURATION}-input-files.xcfilelist",
			);
			name = "[CP] Embed Pods Frameworks";
			outputFileListPaths = (
				"${PODS_ROOT}/Target Support Files/Pods-seekingPeace/Pods-seekingPeace-frameworks-${CONFIGURATION}-output-files.xcfilelist",
			);
			runOnlyForDeploymentPostprocessing = 0;
			shellPath = /bin/sh;
			shellScript = "\"${PODS_ROOT}/Target Support Files/Pods-seekingPeace/Pods-seekingPeace-frameworks.sh\"\n";
			showEnvVarsInLog = 0;
		};
		E86B7041B492249A6AC9546F /* [CP] Check Pods Manifest.lock */ = {
			isa = PBXShellScriptBuildPhase;
			buildActionMask = 2147483647;
			files = (
			);
			inputFileListPaths = (
			);
			inputPaths = (
				"${PODS_PODFILE_DIR_PATH}/Podfile.lock",
				"${PODS_ROOT}/Manifest.lock",
			);
			name = "[CP] Check Pods Manifest.lock";
			outputFileListPaths = (
			);
			outputPaths = (
				"$(DERIVED_FILE_DIR)/Pods-seekingPeaceTests-checkManifestLockResult.txt",
			);
			runOnlyForDeploymentPostprocessing = 0;
			shellPath = /bin/sh;
			shellScript = "diff \"${PODS_PODFILE_DIR_PATH}/Podfile.lock\" \"${PODS_ROOT}/Manifest.lock\" > /dev/null\nif [ $? != 0 ] ; then\n    # print error to STDERR\n    echo \"error: The sandbox is not in sync with the Podfile.lock. Run 'pod install' or update your CocoaPods installation.\" >&2\n    exit 1\nfi\n# This output is used by Xcode 'outputs' to avoid re-running this script phase.\necho \"SUCCESS\" > \"${SCRIPT_OUTPUT_FILE_0}\"\n";
			showEnvVarsInLog = 0;
		};
/* End PBXShellScriptBuildPhase section */

/* Begin PBXSourcesBuildPhase section */
		4E29CB6923CE7358009BFEC4 /* Sources */ = {
			isa = PBXSourcesBuildPhase;
			buildActionMask = 2147483647;
			files = (
				4E5676002568A1D700A4EE00 /* FirebaseAuthService.swift in Sources */,
				4E915315258AF55B00AAFBEE /* PlaylistPersistenceManager.swift in Sources */,
				4E540305256969C10049A472 /* LoginVC.swift in Sources */,
				4EC65ED5254C87F4006B2C7A /* MainTabBarVC.swift in Sources */,
				4EF257AD2554E6BD001A425F /* CreateView.swift in Sources */,
				4E7D436C257D2B9D006FEB92 /* YogiPlaylistModel.swift in Sources */,
				4E9153B5258B1FEE00AAFBEE /* EditSequenceHeaderView.swift in Sources */,
				4E29CBA123CE7AD4009BFEC4 /* CreateVC.swift in Sources */,
				4ECF70F4257DA55E00F92BA2 /* EditSequenceView.swift in Sources */,
				4ED4B0A325BA09F40084B037 /* backDropGradient.swift in Sources */,
				4E83295D25BB89A100476082 /* PlayView.swift in Sources */,
				4EA2C0CA25B8DFA300A365E0 /* EditViewHeader.swift in Sources */,
				4E1EA56823E9D56A00780F86 /* NetworkManger.swift in Sources */,
				4E07E9A823FDD0FB00D65CEC /* yogaImageHelper.swift in Sources */,
				4E29CB7123CE7358009BFEC4 /* AppDelegate.swift in Sources */,
				4EECC06625787FE6008AF4AC /* GlossaryView.swift in Sources */,
				4EECC07A257886DE008AF4AC /* GlossaryTVC.swift in Sources */,
				4E7D4370257D3494006FEB92 /* PlaylistPoseModel.swift in Sources */,
				4E43C1A325A3C6B4000AE049 /* Protocols.swift in Sources */,
				4E29CB7323CE7358009BFEC4 /* SceneDelegate.swift in Sources */,
				4EECC07025788093008AF4AC /* PoseDetailVC.swift in Sources */,
				4E2611F7259BB74D004D32BD /* PhotoCredits.swift in Sources */,
				4EDAD00D259435AE00574CB7 /* PlaylistCellDelegate.swift in Sources */,
				4E83295925BB892D00476082 /* PlayVC.swift in Sources */,
				4E29CBA323CE7AE6009BFEC4 /* SequenceVC.swift in Sources */,
				4ECF711E257EFF6F00F92BA2 /* EditSequenceTVC.swift in Sources */,
				4ECBCAE025B7CD7800A0EF70 /* EditVC.swift in Sources */,
				4E002C91257F38980046639C /* PoseSettingsVC.swift in Sources */,
				4EC1CF6A254D0B530011DA10 /* SequenceTVC.swift in Sources */,
				4EECC06C25787FFF008AF4AC /* GlossaryVC.swift in Sources */,
				4ECBCAE825B7CF1E00A0EF70 /* EditTVC.swift in Sources */,
				4E43C19D25A37C6E000AE049 /* MainSettingsTVC.swift in Sources */,
				4E54032A2569ABC70049A472 /* StringsValidations.swift in Sources */,
				4E388EF4254E0A9100C86653 /* CreateCVC.swift in Sources */,
				4E005B112572E801000CEF55 /* CrayonBox.swift in Sources */,
				4EECC074257880B8008AF4AC /* PoseDetailView.swift in Sources */,
				4E43C1AF25A40AC7000AE049 /* ModifiedYogaModel.swift in Sources */,
				4E54030925696A140049A472 /* SignUpVC.swift in Sources */,
				4EC1CF66254CCE650011DA10 /* SequenceView.swift in Sources */,
				4E43C19325A37A28000AE049 /* SettingsView.swift in Sources */,
				4E2611F3259462E2004D32BD /* NoSequencesView.swift in Sources */,
				4EC3938826766B67005EE332 /* UIViewController+Alerts.swift in Sources */,
				4EECC0212577F732008AF4AC /* SpTextField.swift in Sources */,
				4ECF70F8257DA86200F92BA2 /* EditSequenceVC.swift in Sources */,
				4E5402D42568AFAD0049A472 /* FirestoreService.swift in Sources */,
				4ECF711A257DC00B00F92BA2 /* CreatePlaylistTableViewCell.swift in Sources */,
				4E7D4374257D3F8A006FEB92 /* YogiModel.swift in Sources */,
				4E540301256967580049A472 /* SignUpView.swift in Sources */,
				4E5402FB256967440049A472 /* LoginView.swift in Sources */,
				4EF484D125C4758900A0FFE8 /* BreatheAnimation.swift in Sources */,
				4E5402D82568B0940049A472 /* UserModel.swift in Sources */,
				4E29CBA523CE7B61009BFEC4 /* yogaModel.swift in Sources */,
				4E915319258AF73100AAFBEE /* PlaylistPersisted.swift in Sources */,
				4ECBCAE425B7CD9A00A0EF70 /* EditView.swift in Sources */,
				4E002C8D257F38020046639C /* PoseSettingsView.swift in Sources */,
				4E43C19725A37A4D000AE049 /* SettingsVC.swift in Sources */,
				4E005B0D2572151C000CEF55 /* Notes.swift in Sources */,
				4E002C952581731A0046639C /* PersistenceHelper.swift in Sources */,
			);
			runOnlyForDeploymentPostprocessing = 0;
		};
		4E29CB7F23CE735B009BFEC4 /* Sources */ = {
			isa = PBXSourcesBuildPhase;
			buildActionMask = 2147483647;
			files = (
				4E29CB8823CE735B009BFEC4 /* seekingPeaceTests.swift in Sources */,
			);
			runOnlyForDeploymentPostprocessing = 0;
		};
/* End PBXSourcesBuildPhase section */

/* Begin PBXTargetDependency section */
		4E29CB8523CE735B009BFEC4 /* PBXTargetDependency */ = {
			isa = PBXTargetDependency;
			target = 4E29CB6C23CE7358009BFEC4 /* seekingPeace */;
			targetProxy = 4E29CB8423CE735B009BFEC4 /* PBXContainerItemProxy */;
		};
/* End PBXTargetDependency section */

/* Begin XCBuildConfiguration section */
		4E29CB8A23CE735B009BFEC4 /* Debug */ = {
			isa = XCBuildConfiguration;
			buildSettings = {
				ALWAYS_SEARCH_USER_PATHS = NO;
				CLANG_ANALYZER_NONNULL = YES;
				CLANG_ANALYZER_NUMBER_OBJECT_CONVERSION = YES_AGGRESSIVE;
				CLANG_CXX_LANGUAGE_STANDARD = "gnu++14";
				CLANG_CXX_LIBRARY = "libc++";
				CLANG_ENABLE_MODULES = YES;
				CLANG_ENABLE_OBJC_ARC = YES;
				CLANG_ENABLE_OBJC_WEAK = YES;
				CLANG_WARN_BLOCK_CAPTURE_AUTORELEASING = YES;
				CLANG_WARN_BOOL_CONVERSION = YES;
				CLANG_WARN_COMMA = YES;
				CLANG_WARN_CONSTANT_CONVERSION = YES;
				CLANG_WARN_DEPRECATED_OBJC_IMPLEMENTATIONS = YES;
				CLANG_WARN_DIRECT_OBJC_ISA_USAGE = YES_ERROR;
				CLANG_WARN_DOCUMENTATION_COMMENTS = YES;
				CLANG_WARN_EMPTY_BODY = YES;
				CLANG_WARN_ENUM_CONVERSION = YES;
				CLANG_WARN_INFINITE_RECURSION = YES;
				CLANG_WARN_INT_CONVERSION = YES;
				CLANG_WARN_NON_LITERAL_NULL_CONVERSION = YES;
				CLANG_WARN_OBJC_IMPLICIT_RETAIN_SELF = YES;
				CLANG_WARN_OBJC_LITERAL_CONVERSION = YES;
				CLANG_WARN_OBJC_ROOT_CLASS = YES_ERROR;
				CLANG_WARN_RANGE_LOOP_ANALYSIS = YES;
				CLANG_WARN_STRICT_PROTOTYPES = YES;
				CLANG_WARN_SUSPICIOUS_MOVE = YES;
				CLANG_WARN_UNGUARDED_AVAILABILITY = YES_AGGRESSIVE;
				CLANG_WARN_UNREACHABLE_CODE = YES;
				CLANG_WARN__DUPLICATE_METHOD_MATCH = YES;
				COPY_PHASE_STRIP = NO;
				DEBUG_INFORMATION_FORMAT = dwarf;
				ENABLE_STRICT_OBJC_MSGSEND = YES;
				ENABLE_TESTABILITY = YES;
				GCC_C_LANGUAGE_STANDARD = gnu11;
				GCC_DYNAMIC_NO_PIC = NO;
				GCC_NO_COMMON_BLOCKS = YES;
				GCC_OPTIMIZATION_LEVEL = 0;
				GCC_PREPROCESSOR_DEFINITIONS = (
					"DEBUG=1",
					"$(inherited)",
				);
				GCC_WARN_64_TO_32_BIT_CONVERSION = YES;
				GCC_WARN_ABOUT_RETURN_TYPE = YES_ERROR;
				GCC_WARN_UNDECLARED_SELECTOR = YES;
				GCC_WARN_UNINITIALIZED_AUTOS = YES_AGGRESSIVE;
				GCC_WARN_UNUSED_FUNCTION = YES;
				GCC_WARN_UNUSED_VARIABLE = YES;
				IPHONEOS_DEPLOYMENT_TARGET = 13.1;
				MTL_ENABLE_DEBUG_INFO = INCLUDE_SOURCE;
				MTL_FAST_MATH = YES;
				ONLY_ACTIVE_ARCH = YES;
				SDKROOT = iphoneos;
				SWIFT_ACTIVE_COMPILATION_CONDITIONS = DEBUG;
				SWIFT_OPTIMIZATION_LEVEL = "-Onone";
			};
			name = Debug;
		};
		4E29CB8B23CE735B009BFEC4 /* Release */ = {
			isa = XCBuildConfiguration;
			buildSettings = {
				ALWAYS_SEARCH_USER_PATHS = NO;
				CLANG_ANALYZER_NONNULL = YES;
				CLANG_ANALYZER_NUMBER_OBJECT_CONVERSION = YES_AGGRESSIVE;
				CLANG_CXX_LANGUAGE_STANDARD = "gnu++14";
				CLANG_CXX_LIBRARY = "libc++";
				CLANG_ENABLE_MODULES = YES;
				CLANG_ENABLE_OBJC_ARC = YES;
				CLANG_ENABLE_OBJC_WEAK = YES;
				CLANG_WARN_BLOCK_CAPTURE_AUTORELEASING = YES;
				CLANG_WARN_BOOL_CONVERSION = YES;
				CLANG_WARN_COMMA = YES;
				CLANG_WARN_CONSTANT_CONVERSION = YES;
				CLANG_WARN_DEPRECATED_OBJC_IMPLEMENTATIONS = YES;
				CLANG_WARN_DIRECT_OBJC_ISA_USAGE = YES_ERROR;
				CLANG_WARN_DOCUMENTATION_COMMENTS = YES;
				CLANG_WARN_EMPTY_BODY = YES;
				CLANG_WARN_ENUM_CONVERSION = YES;
				CLANG_WARN_INFINITE_RECURSION = YES;
				CLANG_WARN_INT_CONVERSION = YES;
				CLANG_WARN_NON_LITERAL_NULL_CONVERSION = YES;
				CLANG_WARN_OBJC_IMPLICIT_RETAIN_SELF = YES;
				CLANG_WARN_OBJC_LITERAL_CONVERSION = YES;
				CLANG_WARN_OBJC_ROOT_CLASS = YES_ERROR;
				CLANG_WARN_RANGE_LOOP_ANALYSIS = YES;
				CLANG_WARN_STRICT_PROTOTYPES = YES;
				CLANG_WARN_SUSPICIOUS_MOVE = YES;
				CLANG_WARN_UNGUARDED_AVAILABILITY = YES_AGGRESSIVE;
				CLANG_WARN_UNREACHABLE_CODE = YES;
				CLANG_WARN__DUPLICATE_METHOD_MATCH = YES;
				COPY_PHASE_STRIP = NO;
				DEBUG_INFORMATION_FORMAT = "dwarf-with-dsym";
				ENABLE_NS_ASSERTIONS = NO;
				ENABLE_STRICT_OBJC_MSGSEND = YES;
				GCC_C_LANGUAGE_STANDARD = gnu11;
				GCC_NO_COMMON_BLOCKS = YES;
				GCC_WARN_64_TO_32_BIT_CONVERSION = YES;
				GCC_WARN_ABOUT_RETURN_TYPE = YES_ERROR;
				GCC_WARN_UNDECLARED_SELECTOR = YES;
				GCC_WARN_UNINITIALIZED_AUTOS = YES_AGGRESSIVE;
				GCC_WARN_UNUSED_FUNCTION = YES;
				GCC_WARN_UNUSED_VARIABLE = YES;
				IPHONEOS_DEPLOYMENT_TARGET = 13.1;
				MTL_ENABLE_DEBUG_INFO = NO;
				MTL_FAST_MATH = YES;
				SDKROOT = iphoneos;
				SWIFT_COMPILATION_MODE = wholemodule;
				SWIFT_OPTIMIZATION_LEVEL = "-O";
				VALIDATE_PRODUCT = YES;
			};
			name = Release;
		};
		4E29CB8D23CE735B009BFEC4 /* Debug */ = {
			isa = XCBuildConfiguration;
			baseConfigurationReference = ED1EECFE64B438C2A8B5B88B /* Pods-seekingPeace.debug.xcconfig */;
			buildSettings = {
				ASSETCATALOG_COMPILER_APPICON_NAME = AppIcon;
				CODE_SIGN_STYLE = Automatic;
				INFOPLIST_FILE = seekingPeace/Info.plist;
				LD_RUNPATH_SEARCH_PATHS = (
					"$(inherited)",
					"@executable_path/Frameworks",
				);
				PRODUCT_BUNDLE_IDENTIFIER = tikiproductions.seekingPeace;
				PRODUCT_NAME = "$(TARGET_NAME)";
				SWIFT_VERSION = 5.0;
				TARGETED_DEVICE_FAMILY = "1,2";
			};
			name = Debug;
		};
		4E29CB8E23CE735B009BFEC4 /* Release */ = {
			isa = XCBuildConfiguration;
			baseConfigurationReference = EFFCC59BDF07A715E5F03DCA /* Pods-seekingPeace.release.xcconfig */;
			buildSettings = {
				ASSETCATALOG_COMPILER_APPICON_NAME = AppIcon;
				CODE_SIGN_STYLE = Automatic;
				INFOPLIST_FILE = seekingPeace/Info.plist;
				LD_RUNPATH_SEARCH_PATHS = (
					"$(inherited)",
					"@executable_path/Frameworks",
				);
				PRODUCT_BUNDLE_IDENTIFIER = tikiproductions.seekingPeace;
				PRODUCT_NAME = "$(TARGET_NAME)";
				SWIFT_VERSION = 5.0;
				TARGETED_DEVICE_FAMILY = "1,2";
			};
			name = Release;
		};
		4E29CB9023CE735B009BFEC4 /* Debug */ = {
			isa = XCBuildConfiguration;
			baseConfigurationReference = C0200D0D69222FDF55ABB802 /* Pods-seekingPeaceTests.debug.xcconfig */;
			buildSettings = {
				ALWAYS_EMBED_SWIFT_STANDARD_LIBRARIES = YES;
				BUNDLE_LOADER = "$(TEST_HOST)";
				CODE_SIGN_STYLE = Automatic;
				INFOPLIST_FILE = seekingPeaceTests/Info.plist;
				IPHONEOS_DEPLOYMENT_TARGET = 13.1;
				LD_RUNPATH_SEARCH_PATHS = (
					"$(inherited)",
					"@executable_path/Frameworks",
					"@loader_path/Frameworks",
				);
				PRODUCT_BUNDLE_IDENTIFIER = tikiproductions.seekingPeaceTests;
				PRODUCT_NAME = "$(TARGET_NAME)";
				SWIFT_VERSION = 5.0;
				TARGETED_DEVICE_FAMILY = "1,2";
				TEST_HOST = "$(BUILT_PRODUCTS_DIR)/seekingPeace.app/seekingPeace";
			};
			name = Debug;
		};
		4E29CB9123CE735B009BFEC4 /* Release */ = {
			isa = XCBuildConfiguration;
			baseConfigurationReference = DBCA3F91293DBB37BD9FB5F5 /* Pods-seekingPeaceTests.release.xcconfig */;
			buildSettings = {
				ALWAYS_EMBED_SWIFT_STANDARD_LIBRARIES = YES;
				BUNDLE_LOADER = "$(TEST_HOST)";
				CODE_SIGN_STYLE = Automatic;
				INFOPLIST_FILE = seekingPeaceTests/Info.plist;
				IPHONEOS_DEPLOYMENT_TARGET = 13.1;
				LD_RUNPATH_SEARCH_PATHS = (
					"$(inherited)",
					"@executable_path/Frameworks",
					"@loader_path/Frameworks",
				);
				PRODUCT_BUNDLE_IDENTIFIER = tikiproductions.seekingPeaceTests;
				PRODUCT_NAME = "$(TARGET_NAME)";
				SWIFT_VERSION = 5.0;
				TARGETED_DEVICE_FAMILY = "1,2";
				TEST_HOST = "$(BUILT_PRODUCTS_DIR)/seekingPeace.app/seekingPeace";
			};
			name = Release;
		};
/* End XCBuildConfiguration section */

/* Begin XCConfigurationList section */
		4E29CB6823CE7358009BFEC4 /* Build configuration list for PBXProject "seekingPeace" */ = {
			isa = XCConfigurationList;
			buildConfigurations = (
				4E29CB8A23CE735B009BFEC4 /* Debug */,
				4E29CB8B23CE735B009BFEC4 /* Release */,
			);
			defaultConfigurationIsVisible = 0;
			defaultConfigurationName = Release;
		};
		4E29CB8C23CE735B009BFEC4 /* Build configuration list for PBXNativeTarget "seekingPeace" */ = {
			isa = XCConfigurationList;
			buildConfigurations = (
				4E29CB8D23CE735B009BFEC4 /* Debug */,
				4E29CB8E23CE735B009BFEC4 /* Release */,
			);
			defaultConfigurationIsVisible = 0;
			defaultConfigurationName = Release;
		};
		4E29CB8F23CE735B009BFEC4 /* Build configuration list for PBXNativeTarget "seekingPeaceTests" */ = {
			isa = XCConfigurationList;
			buildConfigurations = (
				4E29CB9023CE735B009BFEC4 /* Debug */,
				4E29CB9123CE735B009BFEC4 /* Release */,
			);
			defaultConfigurationIsVisible = 0;
			defaultConfigurationName = Release;
		};
/* End XCConfigurationList section */
	};
	rootObject = 4E29CB6523CE7358009BFEC4 /* Project object */;
}
